// !$*UTF8*$!
{
	archiveVersion = 1;
	classes = {
	};
	objectVersion = 46;
	objects = {

/* Begin PBXBuildFile section */
		D072666B175E370400BA64C0 /* navbar@2x.png in Resources */ = {isa = PBXBuildFile; fileRef = D072666A175E370400BA64C0 /* navbar@2x.png */; };
		D0726680175E3E7200BA64C0 /* AFHTTPClient.m in Sources */ = {isa = PBXBuildFile; fileRef = D072666E175E3E7200BA64C0 /* AFHTTPClient.m */; settings = {COMPILER_FLAGS = "-fobjc-arc"; }; };
		D0726681175E3E7200BA64C0 /* AFHTTPRequestOperation.m in Sources */ = {isa = PBXBuildFile; fileRef = D0726670175E3E7200BA64C0 /* AFHTTPRequestOperation.m */; settings = {COMPILER_FLAGS = "-fobjc-arc"; }; };
		D0726682175E3E7200BA64C0 /* AFImageRequestOperation.m in Sources */ = {isa = PBXBuildFile; fileRef = D0726672175E3E7200BA64C0 /* AFImageRequestOperation.m */; settings = {COMPILER_FLAGS = "-fobjc-arc"; }; };
		D0726683175E3E7200BA64C0 /* AFJSONRequestOperation.m in Sources */ = {isa = PBXBuildFile; fileRef = D0726674175E3E7200BA64C0 /* AFJSONRequestOperation.m */; settings = {COMPILER_FLAGS = "-fobjc-arc"; }; };
		D0726684175E3E7200BA64C0 /* AFNetworkActivityIndicatorManager.m in Sources */ = {isa = PBXBuildFile; fileRef = D0726676175E3E7200BA64C0 /* AFNetworkActivityIndicatorManager.m */; settings = {COMPILER_FLAGS = "-fobjc-arc"; }; };
		D0726685175E3E7200BA64C0 /* AFPropertyListRequestOperation.m in Sources */ = {isa = PBXBuildFile; fileRef = D0726679175E3E7200BA64C0 /* AFPropertyListRequestOperation.m */; settings = {COMPILER_FLAGS = "-fobjc-arc"; }; };
		D0726686175E3E7200BA64C0 /* AFURLConnectionOperation.m in Sources */ = {isa = PBXBuildFile; fileRef = D072667B175E3E7200BA64C0 /* AFURLConnectionOperation.m */; settings = {COMPILER_FLAGS = "-fobjc-arc"; }; };
		D0726687175E3E7200BA64C0 /* AFXMLRequestOperation.m in Sources */ = {isa = PBXBuildFile; fileRef = D072667D175E3E7200BA64C0 /* AFXMLRequestOperation.m */; settings = {COMPILER_FLAGS = "-fobjc-arc"; }; };
		D0726688175E3E7200BA64C0 /* UIImageView+AFNetworking.m in Sources */ = {isa = PBXBuildFile; fileRef = D072667F175E3E7200BA64C0 /* UIImageView+AFNetworking.m */; settings = {COMPILER_FLAGS = "-fobjc-arc"; }; };
		D072668B175E463F00BA64C0 /* topViewObject.m in Sources */ = {isa = PBXBuildFile; fileRef = D072668A175E463F00BA64C0 /* topViewObject.m */; };
		D072668F175E4C4B00BA64C0 /* errdioCell.m in Sources */ = {isa = PBXBuildFile; fileRef = D072668E175E4C4B00BA64C0 /* errdioCell.m */; };
		D0726691175E59D400BA64C0 /* location_small@2x.png in Resources */ = {isa = PBXBuildFile; fileRef = D0726690175E59D400BA64C0 /* location_small@2x.png */; };
		D0726697175E60E400BA64C0 /* JASidePanelController.m in Sources */ = {isa = PBXBuildFile; fileRef = D0726694175E60E400BA64C0 /* JASidePanelController.m */; settings = {COMPILER_FLAGS = "-fobjc-arc"; }; };
		D0726698175E60E400BA64C0 /* UIViewController+JASidePanel.m in Sources */ = {isa = PBXBuildFile; fileRef = D0726696175E60E400BA64C0 /* UIViewController+JASidePanel.m */; settings = {COMPILER_FLAGS = "-fobjc-arc"; }; };
		D072669C175E61A600BA64C0 /* erdioLeft.m in Sources */ = {isa = PBXBuildFile; fileRef = D072669B175E61A600BA64C0 /* erdioLeft.m */; };
		D072669F175E63C700BA64C0 /* QuartzCore.framework in Frameworks */ = {isa = PBXBuildFile; fileRef = D072669D175E63BE00BA64C0 /* QuartzCore.framework */; };
		D07266A1175E691400BA64C0 /* search@2x.png in Resources */ = {isa = PBXBuildFile; fileRef = D07266A0175E691400BA64C0 /* search@2x.png */; };
		D07266A3175E6AE400BA64C0 /* navbar2-kanan@2x.png in Resources */ = {isa = PBXBuildFile; fileRef = D07266A2175E6AE400BA64C0 /* navbar2-kanan@2x.png */; };
		D07266A7175E6B0900BA64C0 /* search.m in Sources */ = {isa = PBXBuildFile; fileRef = D07266A6175E6B0900BA64C0 /* search.m */; };
		D07266A9175E6D3A00BA64C0 /* cancel@2x.png in Resources */ = {isa = PBXBuildFile; fileRef = D07266A8175E6D3A00BA64C0 /* cancel@2x.png */; };
		D07266AD175E80BA00BA64C0 /* AudioStreamer.m in Sources */ = {isa = PBXBuildFile; fileRef = D07266AC175E80BA00BA64C0 /* AudioStreamer.m */; };
		D07266B8175E877100BA64C0 /* AudioToolbox.framework in Frameworks */ = {isa = PBXBuildFile; fileRef = D07266B6175E875F00BA64C0 /* AudioToolbox.framework */; };
		D07266B9175E877100BA64C0 /* MediaPlayer.framework in Frameworks */ = {isa = PBXBuildFile; fileRef = D07266B4175E874E00BA64C0 /* MediaPlayer.framework */; };
		D07266BA175E877100BA64C0 /* CFNetwork.framework in Frameworks */ = {isa = PBXBuildFile; fileRef = D07266B2175E874400BA64C0 /* CFNetwork.framework */; };
		D07266BE175E8D4A00BA64C0 /* netraPlayer.m in Sources */ = {isa = PBXBuildFile; fileRef = D07266BD175E8D4A00BA64C0 /* netraPlayer.m */; };
		D0C35AC5175DACF5008A7F81 /* UIKit.framework in Frameworks */ = {isa = PBXBuildFile; fileRef = D0C35AC4175DACF5008A7F81 /* UIKit.framework */; };
		D0C35AC7175DACF5008A7F81 /* Foundation.framework in Frameworks */ = {isa = PBXBuildFile; fileRef = D0C35AC6175DACF5008A7F81 /* Foundation.framework */; };
		D0C35AC9175DACF5008A7F81 /* CoreGraphics.framework in Frameworks */ = {isa = PBXBuildFile; fileRef = D0C35AC8175DACF5008A7F81 /* CoreGraphics.framework */; };
		D0C35ACF175DACF5008A7F81 /* InfoPlist.strings in Resources */ = {isa = PBXBuildFile; fileRef = D0C35ACD175DACF5008A7F81 /* InfoPlist.strings */; };
		D0C35AD1175DACF5008A7F81 /* main.m in Sources */ = {isa = PBXBuildFile; fileRef = D0C35AD0175DACF5008A7F81 /* main.m */; };
		D0C35AD5175DACF5008A7F81 /* AppDelegate.m in Sources */ = {isa = PBXBuildFile; fileRef = D0C35AD4175DACF5008A7F81 /* AppDelegate.m */; };
		D0C35AD7175DACF5008A7F81 /* Default.png in Resources */ = {isa = PBXBuildFile; fileRef = D0C35AD6175DACF5008A7F81 /* Default.png */; };
		D0C35AD9175DACF5008A7F81 /* Default@2x.png in Resources */ = {isa = PBXBuildFile; fileRef = D0C35AD8175DACF5008A7F81 /* Default@2x.png */; };
		D0C35ADB175DACF5008A7F81 /* Default-568h@2x.png in Resources */ = {isa = PBXBuildFile; fileRef = D0C35ADA175DACF5008A7F81 /* Default-568h@2x.png */; };
		D0C35AE9175DD3C1008A7F81 /* atta.m in Sources */ = {isa = PBXBuildFile; fileRef = D0C35AE8175DD3C1008A7F81 /* atta.m */; };
		D0C35AED175DD99E008A7F81 /* erdiooCenter.m in Sources */ = {isa = PBXBuildFile; fileRef = D0C35AEC175DD99E008A7F81 /* erdiooCenter.m */; };
/* End PBXBuildFile section */

/* Begin PBXFileReference section */
		D072666A175E370400BA64C0 /* navbar@2x.png */ = {isa = PBXFileReference; lastKnownFileType = image.png; path = "navbar@2x.png"; sourceTree = "<group>"; };
		D072666D175E3E7200BA64C0 /* AFHTTPClient.h */ = {isa = PBXFileReference; fileEncoding = 4; lastKnownFileType = sourcecode.c.h; path = AFHTTPClient.h; sourceTree = "<group>"; };
		D072666E175E3E7200BA64C0 /* AFHTTPClient.m */ = {isa = PBXFileReference; fileEncoding = 4; lastKnownFileType = sourcecode.c.objc; path = AFHTTPClient.m; sourceTree = "<group>"; };
		D072666F175E3E7200BA64C0 /* AFHTTPRequestOperation.h */ = {isa = PBXFileReference; fileEncoding = 4; lastKnownFileType = sourcecode.c.h; path = AFHTTPRequestOperation.h; sourceTree = "<group>"; };
		D0726670175E3E7200BA64C0 /* AFHTTPRequestOperation.m */ = {isa = PBXFileReference; fileEncoding = 4; lastKnownFileType = sourcecode.c.objc; path = AFHTTPRequestOperation.m; sourceTree = "<group>"; };
		D0726671175E3E7200BA64C0 /* AFImageRequestOperation.h */ = {isa = PBXFileReference; fileEncoding = 4; lastKnownFileType = sourcecode.c.h; path = AFImageRequestOperation.h; sourceTree = "<group>"; };
		D0726672175E3E7200BA64C0 /* AFImageRequestOperation.m */ = {isa = PBXFileReference; fileEncoding = 4; lastKnownFileType = sourcecode.c.objc; path = AFImageRequestOperation.m; sourceTree = "<group>"; };
		D0726673175E3E7200BA64C0 /* AFJSONRequestOperation.h */ = {isa = PBXFileReference; fileEncoding = 4; lastKnownFileType = sourcecode.c.h; path = AFJSONRequestOperation.h; sourceTree = "<group>"; };
		D0726674175E3E7200BA64C0 /* AFJSONRequestOperation.m */ = {isa = PBXFileReference; fileEncoding = 4; lastKnownFileType = sourcecode.c.objc; path = AFJSONRequestOperation.m; sourceTree = "<group>"; };
		D0726675175E3E7200BA64C0 /* AFNetworkActivityIndicatorManager.h */ = {isa = PBXFileReference; fileEncoding = 4; lastKnownFileType = sourcecode.c.h; path = AFNetworkActivityIndicatorManager.h; sourceTree = "<group>"; };
		D0726676175E3E7200BA64C0 /* AFNetworkActivityIndicatorManager.m */ = {isa = PBXFileReference; fileEncoding = 4; lastKnownFileType = sourcecode.c.objc; path = AFNetworkActivityIndicatorManager.m; sourceTree = "<group>"; };
		D0726677175E3E7200BA64C0 /* AFNetworking.h */ = {isa = PBXFileReference; fileEncoding = 4; lastKnownFileType = sourcecode.c.h; path = AFNetworking.h; sourceTree = "<group>"; };
		D0726678175E3E7200BA64C0 /* AFPropertyListRequestOperation.h */ = {isa = PBXFileReference; fileEncoding = 4; lastKnownFileType = sourcecode.c.h; path = AFPropertyListRequestOperation.h; sourceTree = "<group>"; };
		D0726679175E3E7200BA64C0 /* AFPropertyListRequestOperation.m */ = {isa = PBXFileReference; fileEncoding = 4; lastKnownFileType = sourcecode.c.objc; path = AFPropertyListRequestOperation.m; sourceTree = "<group>"; };
		D072667A175E3E7200BA64C0 /* AFURLConnectionOperation.h */ = {isa = PBXFileReference; fileEncoding = 4; lastKnownFileType = sourcecode.c.h; path = AFURLConnectionOperation.h; sourceTree = "<group>"; };
		D072667B175E3E7200BA64C0 /* AFURLConnectionOperation.m */ = {isa = PBXFileReference; fileEncoding = 4; lastKnownFileType = sourcecode.c.objc; path = AFURLConnectionOperation.m; sourceTree = "<group>"; };
		D072667C175E3E7200BA64C0 /* AFXMLRequestOperation.h */ = {isa = PBXFileReference; fileEncoding = 4; lastKnownFileType = sourcecode.c.h; path = AFXMLRequestOperation.h; sourceTree = "<group>"; };
		D072667D175E3E7200BA64C0 /* AFXMLRequestOperation.m */ = {isa = PBXFileReference; fileEncoding = 4; lastKnownFileType = sourcecode.c.objc; path = AFXMLRequestOperation.m; sourceTree = "<group>"; };
		D072667E175E3E7200BA64C0 /* UIImageView+AFNetworking.h */ = {isa = PBXFileReference; fileEncoding = 4; lastKnownFileType = sourcecode.c.h; path = "UIImageView+AFNetworking.h"; sourceTree = "<group>"; };
		D072667F175E3E7200BA64C0 /* UIImageView+AFNetworking.m */ = {isa = PBXFileReference; fileEncoding = 4; lastKnownFileType = sourcecode.c.objc; path = "UIImageView+AFNetworking.m"; sourceTree = "<group>"; };
		D0726689175E463F00BA64C0 /* topViewObject.h */ = {isa = PBXFileReference; fileEncoding = 4; lastKnownFileType = sourcecode.c.h; path = topViewObject.h; sourceTree = "<group>"; };
		D072668A175E463F00BA64C0 /* topViewObject.m */ = {isa = PBXFileReference; fileEncoding = 4; lastKnownFileType = sourcecode.c.objc; path = topViewObject.m; sourceTree = "<group>"; };
		D072668D175E4C4B00BA64C0 /* errdioCell.h */ = {isa = PBXFileReference; fileEncoding = 4; lastKnownFileType = sourcecode.c.h; path = errdioCell.h; sourceTree = "<group>"; };
		D072668E175E4C4B00BA64C0 /* errdioCell.m */ = {isa = PBXFileReference; fileEncoding = 4; lastKnownFileType = sourcecode.c.objc; path = errdioCell.m; sourceTree = "<group>"; };
		D0726690175E59D400BA64C0 /* location_small@2x.png */ = {isa = PBXFileReference; lastKnownFileType = image.png; path = "location_small@2x.png"; sourceTree = "<group>"; };
		D0726693175E60E400BA64C0 /* JASidePanelController.h */ = {isa = PBXFileReference; fileEncoding = 4; lastKnownFileType = sourcecode.c.h; path = JASidePanelController.h; sourceTree = "<group>"; };
		D0726694175E60E400BA64C0 /* JASidePanelController.m */ = {isa = PBXFileReference; fileEncoding = 4; lastKnownFileType = sourcecode.c.objc; path = JASidePanelController.m; sourceTree = "<group>"; };
		D0726695175E60E400BA64C0 /* UIViewController+JASidePanel.h */ = {isa = PBXFileReference; fileEncoding = 4; lastKnownFileType = sourcecode.c.h; path = "UIViewController+JASidePanel.h"; sourceTree = "<group>"; };
		D0726696175E60E400BA64C0 /* UIViewController+JASidePanel.m */ = {isa = PBXFileReference; fileEncoding = 4; lastKnownFileType = sourcecode.c.objc; path = "UIViewController+JASidePanel.m"; sourceTree = "<group>"; };
		D072669A175E61A600BA64C0 /* erdioLeft.h */ = {isa = PBXFileReference; fileEncoding = 4; lastKnownFileType = sourcecode.c.h; path = erdioLeft.h; sourceTree = "<group>"; };
		D072669B175E61A600BA64C0 /* erdioLeft.m */ = {isa = PBXFileReference; fileEncoding = 4; lastKnownFileType = sourcecode.c.objc; path = erdioLeft.m; sourceTree = "<group>"; };
		D072669D175E63BE00BA64C0 /* QuartzCore.framework */ = {isa = PBXFileReference; lastKnownFileType = wrapper.framework; name = QuartzCore.framework; path = System/Library/Frameworks/QuartzCore.framework; sourceTree = SDKROOT; };
		D07266A0175E691400BA64C0 /* search@2x.png */ = {isa = PBXFileReference; lastKnownFileType = image.png; path = "search@2x.png"; sourceTree = "<group>"; };
		D07266A2175E6AE400BA64C0 /* navbar2-kanan@2x.png */ = {isa = PBXFileReference; lastKnownFileType = image.png; path = "navbar2-kanan@2x.png"; sourceTree = "<group>"; };
		D07266A5175E6B0900BA64C0 /* search.h */ = {isa = PBXFileReference; fileEncoding = 4; lastKnownFileType = sourcecode.c.h; path = search.h; sourceTree = "<group>"; };
		D07266A6175E6B0900BA64C0 /* search.m */ = {isa = PBXFileReference; fileEncoding = 4; lastKnownFileType = sourcecode.c.objc; path = search.m; sourceTree = "<group>"; };
		D07266A8175E6D3A00BA64C0 /* cancel@2x.png */ = {isa = PBXFileReference; lastKnownFileType = image.png; path = "cancel@2x.png"; sourceTree = "<group>"; };
		D07266AB175E80BA00BA64C0 /* AudioStreamer.h */ = {isa = PBXFileReference; fileEncoding = 4; lastKnownFileType = sourcecode.c.h; path = AudioStreamer.h; sourceTree = "<group>"; };
		D07266AC175E80BA00BA64C0 /* AudioStreamer.m */ = {isa = PBXFileReference; fileEncoding = 4; lastKnownFileType = sourcecode.c.objc; path = AudioStreamer.m; sourceTree = "<group>"; };
		D07266B2175E874400BA64C0 /* CFNetwork.framework */ = {isa = PBXFileReference; lastKnownFileType = wrapper.framework; name = CFNetwork.framework; path = System/Library/Frameworks/CFNetwork.framework; sourceTree = SDKROOT; };
		D07266B4175E874E00BA64C0 /* MediaPlayer.framework */ = {isa = PBXFileReference; lastKnownFileType = wrapper.framework; name = MediaPlayer.framework; path = System/Library/Frameworks/MediaPlayer.framework; sourceTree = SDKROOT; };
		D07266B6175E875F00BA64C0 /* AudioToolbox.framework */ = {isa = PBXFileReference; lastKnownFileType = wrapper.framework; name = AudioToolbox.framework; path = System/Library/Frameworks/AudioToolbox.framework; sourceTree = SDKROOT; };
		D07266BC175E8D4A00BA64C0 /* netraPlayer.h */ = {isa = PBXFileReference; fileEncoding = 4; lastKnownFileType = sourcecode.c.h; path = netraPlayer.h; sourceTree = "<group>"; };
		D07266BD175E8D4A00BA64C0 /* netraPlayer.m */ = {isa = PBXFileReference; fileEncoding = 4; lastKnownFileType = sourcecode.c.objc; path = netraPlayer.m; sourceTree = "<group>"; };
		D0C35AC1175DACF5008A7F81 /* Erdioo.app */ = {isa = PBXFileReference; explicitFileType = wrapper.application; includeInIndex = 0; path = Erdioo.app; sourceTree = BUILT_PRODUCTS_DIR; };
		D0C35AC4175DACF5008A7F81 /* UIKit.framework */ = {isa = PBXFileReference; lastKnownFileType = wrapper.framework; name = UIKit.framework; path = System/Library/Frameworks/UIKit.framework; sourceTree = SDKROOT; };
		D0C35AC6175DACF5008A7F81 /* Foundation.framework */ = {isa = PBXFileReference; lastKnownFileType = wrapper.framework; name = Foundation.framework; path = System/Library/Frameworks/Foundation.framework; sourceTree = SDKROOT; };
		D0C35AC8175DACF5008A7F81 /* CoreGraphics.framework */ = {isa = PBXFileReference; lastKnownFileType = wrapper.framework; name = CoreGraphics.framework; path = System/Library/Frameworks/CoreGraphics.framework; sourceTree = SDKROOT; };
		D0C35ACC175DACF5008A7F81 /* Erdioo-Info.plist */ = {isa = PBXFileReference; lastKnownFileType = text.plist.xml; path = "Erdioo-Info.plist"; sourceTree = "<group>"; };
		D0C35ACE175DACF5008A7F81 /* en */ = {isa = PBXFileReference; lastKnownFileType = text.plist.strings; name = en; path = en.lproj/InfoPlist.strings; sourceTree = "<group>"; };
		D0C35AD0175DACF5008A7F81 /* main.m */ = {isa = PBXFileReference; lastKnownFileType = sourcecode.c.objc; path = main.m; sourceTree = "<group>"; };
		D0C35AD2175DACF5008A7F81 /* Erdioo-Prefix.pch */ = {isa = PBXFileReference; lastKnownFileType = sourcecode.c.h; path = "Erdioo-Prefix.pch"; sourceTree = "<group>"; };
		D0C35AD3175DACF5008A7F81 /* AppDelegate.h */ = {isa = PBXFileReference; lastKnownFileType = sourcecode.c.h; path = AppDelegate.h; sourceTree = "<group>"; };
		D0C35AD4175DACF5008A7F81 /* AppDelegate.m */ = {isa = PBXFileReference; lastKnownFileType = sourcecode.c.objc; path = AppDelegate.m; sourceTree = "<group>"; };
		D0C35AD6175DACF5008A7F81 /* Default.png */ = {isa = PBXFileReference; lastKnownFileType = image.png; path = Default.png; sourceTree = "<group>"; };
		D0C35AD8175DACF5008A7F81 /* Default@2x.png */ = {isa = PBXFileReference; lastKnownFileType = image.png; path = "Default@2x.png"; sourceTree = "<group>"; };
		D0C35ADA175DACF5008A7F81 /* Default-568h@2x.png */ = {isa = PBXFileReference; lastKnownFileType = image.png; path = "Default-568h@2x.png"; sourceTree = "<group>"; };
		D0C35AE7175DD3C1008A7F81 /* atta.h */ = {isa = PBXFileReference; fileEncoding = 4; lastKnownFileType = sourcecode.c.h; path = atta.h; sourceTree = "<group>"; };
		D0C35AE8175DD3C1008A7F81 /* atta.m */ = {isa = PBXFileReference; fileEncoding = 4; lastKnownFileType = sourcecode.c.objc; path = atta.m; sourceTree = "<group>"; };
		D0C35AEB175DD99E008A7F81 /* erdiooCenter.h */ = {isa = PBXFileReference; fileEncoding = 4; lastKnownFileType = sourcecode.c.h; path = erdiooCenter.h; sourceTree = "<group>"; };
		D0C35AEC175DD99E008A7F81 /* erdiooCenter.m */ = {isa = PBXFileReference; fileEncoding = 4; lastKnownFileType = sourcecode.c.objc; path = erdiooCenter.m; sourceTree = "<group>"; };
/* End PBXFileReference section */

/* Begin PBXFrameworksBuildPhase section */
		D0C35ABE175DACF5008A7F81 /* Frameworks */ = {
			isa = PBXFrameworksBuildPhase;
			buildActionMask = 2147483647;
			files = (
				D0C35AC5175DACF5008A7F81 /* UIKit.framework in Frameworks */,
				D0C35AC7175DACF5008A7F81 /* Foundation.framework in Frameworks */,
				D07266B8175E877100BA64C0 /* AudioToolbox.framework in Frameworks */,
				D07266B9175E877100BA64C0 /* MediaPlayer.framework in Frameworks */,
				D07266BA175E877100BA64C0 /* CFNetwork.framework in Frameworks */,
				D072669F175E63C700BA64C0 /* QuartzCore.framework in Frameworks */,
				D0C35AC9175DACF5008A7F81 /* CoreGraphics.framework in Frameworks */,
			);
			runOnlyForDeploymentPostprocessing = 0;
		};
/* End PBXFrameworksBuildPhase section */

/* Begin PBXGroup section */
		D072666C175E3E7200BA64C0 /* AFNetworking */ = {
			isa = PBXGroup;
			children = (
				D072666D175E3E7200BA64C0 /* AFHTTPClient.h */,
				D072666E175E3E7200BA64C0 /* AFHTTPClient.m */,
				D072666F175E3E7200BA64C0 /* AFHTTPRequestOperation.h */,
				D0726670175E3E7200BA64C0 /* AFHTTPRequestOperation.m */,
				D0726671175E3E7200BA64C0 /* AFImageRequestOperation.h */,
				D0726672175E3E7200BA64C0 /* AFImageRequestOperation.m */,
				D0726673175E3E7200BA64C0 /* AFJSONRequestOperation.h */,
				D0726674175E3E7200BA64C0 /* AFJSONRequestOperation.m */,
				D0726675175E3E7200BA64C0 /* AFNetworkActivityIndicatorManager.h */,
				D0726676175E3E7200BA64C0 /* AFNetworkActivityIndicatorManager.m */,
				D0726677175E3E7200BA64C0 /* AFNetworking.h */,
				D0726678175E3E7200BA64C0 /* AFPropertyListRequestOperation.h */,
				D0726679175E3E7200BA64C0 /* AFPropertyListRequestOperation.m */,
				D072667A175E3E7200BA64C0 /* AFURLConnectionOperation.h */,
				D072667B175E3E7200BA64C0 /* AFURLConnectionOperation.m */,
				D072667C175E3E7200BA64C0 /* AFXMLRequestOperation.h */,
				D072667D175E3E7200BA64C0 /* AFXMLRequestOperation.m */,
				D072667E175E3E7200BA64C0 /* UIImageView+AFNetworking.h */,
				D072667F175E3E7200BA64C0 /* UIImageView+AFNetworking.m */,
			);
			path = AFNetworking;
			sourceTree = "<group>";
		};
		D072668C175E4C2D00BA64C0 /* cell */ = {
			isa = PBXGroup;
			children = (
				D072668D175E4C4B00BA64C0 /* errdioCell.h */,
				D072668E175E4C4B00BA64C0 /* errdioCell.m */,
			);
			path = cell;
			sourceTree = "<group>";
		};
		D0726692175E60E400BA64C0 /* JASidePanels */ = {
			isa = PBXGroup;
			children = (
				D0726693175E60E400BA64C0 /* JASidePanelController.h */,
				D0726694175E60E400BA64C0 /* JASidePanelController.m */,
				D0726695175E60E400BA64C0 /* UIViewController+JASidePanel.h */,
				D0726696175E60E400BA64C0 /* UIViewController+JASidePanel.m */,
			);
			name = JASidePanels;
			path = Source;
			sourceTree = "<group>";
		};
		D0726699175E618E00BA64C0 /* Left */ = {
			isa = PBXGroup;
			children = (
				D072669A175E61A600BA64C0 /* erdioLeft.h */,
				D072669B175E61A600BA64C0 /* erdioLeft.m */,
			);
			path = Left;
			sourceTree = "<group>";
		};
		D07266A4175E6AFD00BA64C0 /* search */ = {
			isa = PBXGroup;
			children = (
				D07266A5175E6B0900BA64C0 /* search.h */,
				D07266A6175E6B0900BA64C0 /* search.m */,
			);
			path = search;
			sourceTree = "<group>";
		};
		D07266AA175E80B900BA64C0 /* Streamer */ = {
			isa = PBXGroup;
			children = (
				D07266AB175E80BA00BA64C0 /* AudioStreamer.h */,
				D07266AC175E80BA00BA64C0 /* AudioStreamer.m */,
			);
			path = Streamer;
			sourceTree = "<group>";
		};
		D07266BB175E8D3A00BA64C0 /* player */ = {
			isa = PBXGroup;
			children = (
				D07266BC175E8D4A00BA64C0 /* netraPlayer.h */,
				D07266BD175E8D4A00BA64C0 /* netraPlayer.m */,
			);
			path = player;
			sourceTree = "<group>";
		};
		D0C35AB8175DACF5008A7F81 = {
			isa = PBXGroup;
			children = (
				D0C35ACA175DACF5008A7F81 /* Erdioo */,
				D0C35AC3175DACF5008A7F81 /* Frameworks */,
				D0C35AC2175DACF5008A7F81 /* Products */,
			);
			sourceTree = "<group>";
		};
		D0C35AC2175DACF5008A7F81 /* Products */ = {
			isa = PBXGroup;
			children = (
				D0C35AC1175DACF5008A7F81 /* Erdioo.app */,
			);
			name = Products;
			sourceTree = "<group>";
		};
		D0C35AC3175DACF5008A7F81 /* Frameworks */ = {
			isa = PBXGroup;
			children = (
				D07266B6175E875F00BA64C0 /* AudioToolbox.framework */,
				D07266B4175E874E00BA64C0 /* MediaPlayer.framework */,
				D07266B2175E874400BA64C0 /* CFNetwork.framework */,
				D072669D175E63BE00BA64C0 /* QuartzCore.framework */,
				D0C35AC4175DACF5008A7F81 /* UIKit.framework */,
				D0C35AC6175DACF5008A7F81 /* Foundation.framework */,
				D0C35AC8175DACF5008A7F81 /* CoreGraphics.framework */,
			);
			name = Frameworks;
			sourceTree = "<group>";
		};
		D0C35ACA175DACF5008A7F81 /* Erdioo */ = {
			isa = PBXGroup;
			children = (
				D0C35AE2175DD315008A7F81 /* image */,
				D0C35AE3175DD315008A7F81 /* library */,
				D0C35AE4175DD315008A7F81 /* model */,
				D0C35AE5175DD315008A7F81 /* view */,
				D0C35AD3175DACF5008A7F81 /* AppDelegate.h */,
				D0C35AD4175DACF5008A7F81 /* AppDelegate.m */,
				D0C35ACB175DACF5008A7F81 /* Supporting Files */,
			);
			path = Erdioo;
			sourceTree = "<group>";
		};
		D0C35ACB175DACF5008A7F81 /* Supporting Files */ = {
			isa = PBXGroup;
			children = (
				D0C35ACC175DACF5008A7F81 /* Erdioo-Info.plist */,
				D0C35ACD175DACF5008A7F81 /* InfoPlist.strings */,
				D0C35AD0175DACF5008A7F81 /* main.m */,
				D0C35AD2175DACF5008A7F81 /* Erdioo-Prefix.pch */,
				D0C35AD6175DACF5008A7F81 /* Default.png */,
				D0C35AD8175DACF5008A7F81 /* Default@2x.png */,
				D0C35ADA175DACF5008A7F81 /* Default-568h@2x.png */,
			);
			name = "Supporting Files";
			sourceTree = "<group>";
		};
		D0C35AE2175DD315008A7F81 /* image */ = {
			isa = PBXGroup;
			children = (
				D07266A8175E6D3A00BA64C0 /* cancel@2x.png */,
				D07266A2175E6AE400BA64C0 /* navbar2-kanan@2x.png */,
				D07266A0175E691400BA64C0 /* search@2x.png */,
				D0726690175E59D400BA64C0 /* location_small@2x.png */,
				D072666A175E370400BA64C0 /* navbar@2x.png */,
			);
			path = image;
			sourceTree = "<group>";
		};
		D0C35AE3175DD315008A7F81 /* library */ = {
			isa = PBXGroup;
			children = (
				D07266BB175E8D3A00BA64C0 /* player */,
				D07266AA175E80B900BA64C0 /* Streamer */,
				D0726692175E60E400BA64C0 /* JASidePanels */,
				D072666C175E3E7200BA64C0 /* AFNetworking */,
				D0C35AE6175DD38D008A7F81 /* common */,
			);
			path = library;
			sourceTree = "<group>";
		};
		D0C35AE4175DD315008A7F81 /* model */ = {
			isa = PBXGroup;
			children = (
			);
			path = model;
			sourceTree = "<group>";
		};
		D0C35AE5175DD315008A7F81 /* view */ = {
			isa = PBXGroup;
			children = (
				D07266A4175E6AFD00BA64C0 /* search */,
				D0726699175E618E00BA64C0 /* Left */,
				D0C35AEA175DD91E008A7F81 /* center */,
			);
			path = view;
			sourceTree = "<group>";
		};
		D0C35AE6175DD38D008A7F81 /* common */ = {
			isa = PBXGroup;
			children = (
				D0C35AE7175DD3C1008A7F81 /* atta.h */,
				D0C35AE8175DD3C1008A7F81 /* atta.m */,
				D0726689175E463F00BA64C0 /* topViewObject.h */,
				D072668A175E463F00BA64C0 /* topViewObject.m */,
			);
			path = common;
			sourceTree = "<group>";
		};
		D0C35AEA175DD91E008A7F81 /* center */ = {
			isa = PBXGroup;
			children = (
				D072668C175E4C2D00BA64C0 /* cell */,
				D0C35AEB175DD99E008A7F81 /* erdiooCenter.h */,
				D0C35AEC175DD99E008A7F81 /* erdiooCenter.m */,
			);
			path = center;
			sourceTree = "<group>";
		};
/* End PBXGroup section */

/* Begin PBXNativeTarget section */
		D0C35AC0175DACF5008A7F81 /* Erdioo */ = {
			isa = PBXNativeTarget;
			buildConfigurationList = D0C35ADE175DACF5008A7F81 /* Build configuration list for PBXNativeTarget "Erdioo" */;
			buildPhases = (
				D0C35ABD175DACF5008A7F81 /* Sources */,
				D0C35ABE175DACF5008A7F81 /* Frameworks */,
				D0C35ABF175DACF5008A7F81 /* Resources */,
			);
			buildRules = (
			);
			dependencies = (
			);
			name = Erdioo;
			productName = Erdioo;
			productReference = D0C35AC1175DACF5008A7F81 /* Erdioo.app */;
			productType = "com.apple.product-type.application";
		};
/* End PBXNativeTarget section */

/* Begin PBXProject section */
		D0C35AB9175DACF5008A7F81 /* Project object */ = {
			isa = PBXProject;
			attributes = {
				LastUpgradeCheck = 0460;
				ORGANIZATIONNAME = kumel;
			};
			buildConfigurationList = D0C35ABC175DACF5008A7F81 /* Build configuration list for PBXProject "Erdioo" */;
			compatibilityVersion = "Xcode 3.2";
			developmentRegion = English;
			hasScannedForEncodings = 0;
			knownRegions = (
				en,
			);
			mainGroup = D0C35AB8175DACF5008A7F81;
			productRefGroup = D0C35AC2175DACF5008A7F81 /* Products */;
			projectDirPath = "";
			projectRoot = "";
			targets = (
				D0C35AC0175DACF5008A7F81 /* Erdioo */,
			);
		};
/* End PBXProject section */

/* Begin PBXResourcesBuildPhase section */
		D0C35ABF175DACF5008A7F81 /* Resources */ = {
			isa = PBXResourcesBuildPhase;
			buildActionMask = 2147483647;
			files = (
				D0C35ACF175DACF5008A7F81 /* InfoPlist.strings in Resources */,
				D0C35AD7175DACF5008A7F81 /* Default.png in Resources */,
				D0C35AD9175DACF5008A7F81 /* Default@2x.png in Resources */,
				D0C35ADB175DACF5008A7F81 /* Default-568h@2x.png in Resources */,
				D072666B175E370400BA64C0 /* navbar@2x.png in Resources */,
				D0726691175E59D400BA64C0 /* location_small@2x.png in Resources */,
				D07266A1175E691400BA64C0 /* search@2x.png in Resources */,
				D07266A3175E6AE400BA64C0 /* navbar2-kanan@2x.png in Resources */,
				D07266A9175E6D3A00BA64C0 /* cancel@2x.png in Resources */,
			);
			runOnlyForDeploymentPostprocessing = 0;
		};
/* End PBXResourcesBuildPhase section */

/* Begin PBXSourcesBuildPhase section */
		D0C35ABD175DACF5008A7F81 /* Sources */ = {
			isa = PBXSourcesBuildPhase;
			buildActionMask = 2147483647;
			files = (
				D0C35AD1175DACF5008A7F81 /* main.m in Sources */,
				D0C35AD5175DACF5008A7F81 /* AppDelegate.m in Sources */,
				D0C35AE9175DD3C1008A7F81 /* atta.m in Sources */,
				D0C35AED175DD99E008A7F81 /* erdiooCenter.m in Sources */,
				D0726680175E3E7200BA64C0 /* AFHTTPClient.m in Sources */,
				D0726681175E3E7200BA64C0 /* AFHTTPRequestOperation.m in Sources */,
				D0726682175E3E7200BA64C0 /* AFImageRequestOperation.m in Sources */,
				D0726683175E3E7200BA64C0 /* AFJSONRequestOperation.m in Sources */,
				D0726684175E3E7200BA64C0 /* AFNetworkActivityIndicatorManager.m in Sources */,
				D0726685175E3E7200BA64C0 /* AFPropertyListRequestOperation.m in Sources */,
				D0726686175E3E7200BA64C0 /* AFURLConnectionOperation.m in Sources */,
				D0726687175E3E7200BA64C0 /* AFXMLRequestOperation.m in Sources */,
				D0726688175E3E7200BA64C0 /* UIImageView+AFNetworking.m in Sources */,
				D072668B175E463F00BA64C0 /* topViewObject.m in Sources */,
				D072668F175E4C4B00BA64C0 /* errdioCell.m in Sources */,
				D0726697175E60E400BA64C0 /* JASidePanelController.m in Sources */,
				D0726698175E60E400BA64C0 /* UIViewController+JASidePanel.m in Sources */,
				D072669C175E61A600BA64C0 /* erdioLeft.m in Sources */,
				D07266A7175E6B0900BA64C0 /* search.m in Sources */,
				D07266AD175E80BA00BA64C0 /* AudioStreamer.m in Sources */,
				D07266BE175E8D4A00BA64C0 /* netraPlayer.m in Sources */,
			);
			runOnlyForDeploymentPostprocessing = 0;
		};
/* End PBXSourcesBuildPhase section */

/* Begin PBXVariantGroup section */
		D0C35ACD175DACF5008A7F81 /* InfoPlist.strings */ = {
			isa = PBXVariantGroup;
			children = (
				D0C35ACE175DACF5008A7F81 /* en */,
			);
			name = InfoPlist.strings;
			sourceTree = "<group>";
		};
/* End PBXVariantGroup section */

/* Begin XCBuildConfiguration section */
		D0C35ADC175DACF5008A7F81 /* Debug */ = {
			isa = XCBuildConfiguration;
			buildSettings = {
				ALWAYS_SEARCH_USER_PATHS = NO;
				CLANG_CXX_LANGUAGE_STANDARD = "gnu++0x";
				CLANG_CXX_LIBRARY = "libc++";
				CLANG_WARN_CONSTANT_CONVERSION = YES;
				CLANG_WARN_EMPTY_BODY = YES;
				CLANG_WARN_ENUM_CONVERSION = YES;
				CLANG_WARN_INT_CONVERSION = YES;
				CLANG_WARN__DUPLICATE_METHOD_MATCH = YES;
				"CODE_SIGN_IDENTITY[sdk=iphoneos*]" = "iPhone Developer";
				COPY_PHASE_STRIP = NO;
				GCC_C_LANGUAGE_STANDARD = gnu99;
				GCC_DYNAMIC_NO_PIC = NO;
				GCC_OPTIMIZATION_LEVEL = 0;
				GCC_PREPROCESSOR_DEFINITIONS = (
					"DEBUG=1",
					"$(inherited)",
				);
				GCC_SYMBOLS_PRIVATE_EXTERN = NO;
				GCC_WARN_ABOUT_RETURN_TYPE = YES;
				GCC_WARN_UNINITIALIZED_AUTOS = YES;
				GCC_WARN_UNUSED_VARIABLE = YES;
				IPHONEOS_DEPLOYMENT_TARGET = 6.1;
				ONLY_ACTIVE_ARCH = YES;
				SDKROOT = iphoneos;
			};
			name = Debug;
		};
		D0C35ADD175DACF5008A7F81 /* Release */ = {
			isa = XCBuildConfiguration;
			buildSettings = {
				ALWAYS_SEARCH_USER_PATHS = NO;
				CLANG_CXX_LANGUAGE_STANDARD = "gnu++0x";
				CLANG_CXX_LIBRARY = "libc++";
				CLANG_WARN_CONSTANT_CONVERSION = YES;
				CLANG_WARN_EMPTY_BODY = YES;
				CLANG_WARN_ENUM_CONVERSION = YES;
				CLANG_WARN_INT_CONVERSION = YES;
				CLANG_WARN__DUPLICATE_METHOD_MATCH = YES;
				"CODE_SIGN_IDENTITY[sdk=iphoneos*]" = "iPhone Developer";
				COPY_PHASE_STRIP = YES;
				GCC_C_LANGUAGE_STANDARD = gnu99;
				GCC_WARN_ABOUT_RETURN_TYPE = YES;
				GCC_WARN_UNINITIALIZED_AUTOS = YES;
				GCC_WARN_UNUSED_VARIABLE = YES;
				IPHONEOS_DEPLOYMENT_TARGET = 6.1;
				OTHER_CFLAGS = "-DNS_BLOCK_ASSERTIONS=1";
				SDKROOT = iphoneos;
				VALIDATE_PRODUCT = YES;
			};
			name = Release;
		};
		D0C35ADF175DACF5008A7F81 /* Debug */ = {
			isa = XCBuildConfiguration;
			buildSettings = {
				GCC_PRECOMPILE_PREFIX_HEADER = YES;
				GCC_PREFIX_HEADER = "Erdioo/Erdioo-Prefix.pch";
				INFOPLIST_FILE = "Erdioo/Erdioo-Info.plist";
				IPHONEOS_DEPLOYMENT_TARGET = 5.1;
				PRODUCT_NAME = "$(TARGET_NAME)";
				WRAPPER_EXTENSION = app;
			};
			name = Debug;
		};
		D0C35AE0175DACF5008A7F81 /* Release */ = {
			isa = XCBuildConfiguration;
			buildSettings = {
				GCC_PRECOMPILE_PREFIX_HEADER = YES;
				GCC_PREFIX_HEADER = "Erdioo/Erdioo-Prefix.pch";
				INFOPLIST_FILE = "Erdioo/Erdioo-Info.plist";
				IPHONEOS_DEPLOYMENT_TARGET = 5.1;
				PRODUCT_NAME = "$(TARGET_NAME)";
				WRAPPER_EXTENSION = app;
			};
			name = Release;
		};
/* End XCBuildConfiguration section */

/* Begin XCConfigurationList section */
		D0C35ABC175DACF5008A7F81 /* Build configuration list for PBXProject "Erdioo" */ = {
			isa = XCConfigurationList;
			buildConfigurations = (
				D0C35ADC175DACF5008A7F81 /* Debug */,
				D0C35ADD175DACF5008A7F81 /* Release */,
			);
			defaultConfigurationIsVisible = 0;
			defaultConfigurationName = Release;
		};
		D0C35ADE175DACF5008A7F81 /* Build configuration list for PBXNativeTarget "Erdioo" */ = {
			isa = XCConfigurationList;
			buildConfigurations = (
				D0C35ADF175DACF5008A7F81 /* Debug */,
				D0C35AE0175DACF5008A7F81 /* Release */,
			);
			defaultConfigurationIsVisible = 0;
			defaultConfigurationName = Release;
		};
/* End XCConfigurationList section */
	};
	rootObject = D0C35AB9175DACF5008A7F81 /* Project object */;
}
