// !$*UTF8*$!
{
	archiveVersion = 1;
	classes = {
	};
	objectVersion = 46;
	objects = {

/* Begin PBXBuildFile section */
		D035A2FF175F45A500F5809B /* placeholder@2x.png in Resources */ = {isa = PBXBuildFile; fileRef = D035A2FE175F45A500F5809B /* placeholder@2x.png */; };
		D035A301175F639100F5809B /* left@2x.png in Resources */ = {isa = PBXBuildFile; fileRef = D035A300175F639100F5809B /* left@2x.png */; };
		D035A305175F918800F5809B /* leftCell.m in Sources */ = {isa = PBXBuildFile; fileRef = D035A304175F918800F5809B /* leftCell.m */; };
		D035A309175F92E600F5809B /* erdiooCenter.m in Sources */ = {isa = PBXBuildFile; fileRef = D035A308175F92E600F5809B /* erdiooCenter.m */; };
		D035A30F175F934D00F5809B /* erdiooGroup.m in Sources */ = {isa = PBXBuildFile; fileRef = D035A30E175F934D00F5809B /* erdiooGroup.m */; };
		D035A312175F935C00F5809B /* erdioomy.m in Sources */ = {isa = PBXBuildFile; fileRef = D035A311175F935C00F5809B /* erdioomy.m */; };
		D035A315175F937300F5809B /* erdiooRegional.m in Sources */ = {isa = PBXBuildFile; fileRef = D035A314175F937300F5809B /* erdiooRegional.m */; };
		D035A352175F9D6000F5809B /* MagicalImportFunctions.m in Sources */ = {isa = PBXBuildFile; fileRef = D035A31A175F9D6000F5809B /* MagicalImportFunctions.m */; settings = {COMPILER_FLAGS = "-fobjc-arc"; }; };
		D035A353175F9D6000F5809B /* NSAttributeDescription+MagicalDataImport.m in Sources */ = {isa = PBXBuildFile; fileRef = D035A31C175F9D6000F5809B /* NSAttributeDescription+MagicalDataImport.m */; settings = {COMPILER_FLAGS = "-fobjc-arc"; }; };
		D035A354175F9D6000F5809B /* NSEntityDescription+MagicalDataImport.m in Sources */ = {isa = PBXBuildFile; fileRef = D035A31E175F9D6000F5809B /* NSEntityDescription+MagicalDataImport.m */; settings = {COMPILER_FLAGS = "-fobjc-arc"; }; };
		D035A355175F9D6000F5809B /* NSNumber+MagicalDataImport.m in Sources */ = {isa = PBXBuildFile; fileRef = D035A320175F9D6000F5809B /* NSNumber+MagicalDataImport.m */; settings = {COMPILER_FLAGS = "-fobjc-arc"; }; };
		D035A356175F9D6000F5809B /* NSObject+MagicalDataImport.m in Sources */ = {isa = PBXBuildFile; fileRef = D035A322175F9D6000F5809B /* NSObject+MagicalDataImport.m */; settings = {COMPILER_FLAGS = "-fobjc-arc"; }; };
		D035A357175F9D6000F5809B /* NSRelationshipDescription+MagicalDataImport.m in Sources */ = {isa = PBXBuildFile; fileRef = D035A324175F9D6000F5809B /* NSRelationshipDescription+MagicalDataImport.m */; settings = {COMPILER_FLAGS = "-fobjc-arc"; }; };
		D035A358175F9D6000F5809B /* NSString+MagicalDataImport.m in Sources */ = {isa = PBXBuildFile; fileRef = D035A326175F9D6000F5809B /* NSString+MagicalDataImport.m */; settings = {COMPILER_FLAGS = "-fobjc-arc"; }; };
		D035A359175F9D6000F5809B /* NSManagedObject+MagicalAggregation.m in Sources */ = {isa = PBXBuildFile; fileRef = D035A329175F9D6000F5809B /* NSManagedObject+MagicalAggregation.m */; settings = {COMPILER_FLAGS = "-fobjc-arc"; }; };
		D035A35A175F9D6000F5809B /* NSManagedObject+MagicalDataImport.m in Sources */ = {isa = PBXBuildFile; fileRef = D035A32B175F9D6000F5809B /* NSManagedObject+MagicalDataImport.m */; settings = {COMPILER_FLAGS = "-fobjc-arc"; }; };
		D035A35B175F9D6000F5809B /* NSManagedObject+MagicalFinders.m in Sources */ = {isa = PBXBuildFile; fileRef = D035A32D175F9D6000F5809B /* NSManagedObject+MagicalFinders.m */; settings = {COMPILER_FLAGS = "-fobjc-arc"; }; };
		D035A35C175F9D6000F5809B /* NSManagedObject+MagicalRecord.m in Sources */ = {isa = PBXBuildFile; fileRef = D035A32F175F9D6000F5809B /* NSManagedObject+MagicalRecord.m */; settings = {COMPILER_FLAGS = "-fobjc-arc"; }; };
		D035A35D175F9D6000F5809B /* NSManagedObject+MagicalRequests.m in Sources */ = {isa = PBXBuildFile; fileRef = D035A331175F9D6000F5809B /* NSManagedObject+MagicalRequests.m */; settings = {COMPILER_FLAGS = "-fobjc-arc"; }; };
		D035A35E175F9D6000F5809B /* NSManagedObjectContext+MagicalObserving.m in Sources */ = {isa = PBXBuildFile; fileRef = D035A334175F9D6000F5809B /* NSManagedObjectContext+MagicalObserving.m */; settings = {COMPILER_FLAGS = "-fobjc-arc"; }; };
		D035A35F175F9D6000F5809B /* NSManagedObjectContext+MagicalRecord.m in Sources */ = {isa = PBXBuildFile; fileRef = D035A336175F9D6000F5809B /* NSManagedObjectContext+MagicalRecord.m */; settings = {COMPILER_FLAGS = "-fobjc-arc"; }; };
		D035A360175F9D6000F5809B /* NSManagedObjectContext+MagicalSaves.m in Sources */ = {isa = PBXBuildFile; fileRef = D035A338175F9D6000F5809B /* NSManagedObjectContext+MagicalSaves.m */; settings = {COMPILER_FLAGS = "-fobjc-arc"; }; };
		D035A361175F9D6000F5809B /* NSManagedObjectContext+MagicalThreading.m in Sources */ = {isa = PBXBuildFile; fileRef = D035A33A175F9D6000F5809B /* NSManagedObjectContext+MagicalThreading.m */; settings = {COMPILER_FLAGS = "-fobjc-arc"; }; };
		D035A362175F9D6000F5809B /* NSManagedObjectModel+MagicalRecord.m in Sources */ = {isa = PBXBuildFile; fileRef = D035A33C175F9D6000F5809B /* NSManagedObjectModel+MagicalRecord.m */; settings = {COMPILER_FLAGS = "-fobjc-arc"; }; };
		D035A363175F9D6000F5809B /* NSPersistentStore+MagicalRecord.m in Sources */ = {isa = PBXBuildFile; fileRef = D035A33E175F9D6000F5809B /* NSPersistentStore+MagicalRecord.m */; settings = {COMPILER_FLAGS = "-fobjc-arc"; }; };
		D035A364175F9D6000F5809B /* NSPersistentStoreCoordinator+MagicalRecord.m in Sources */ = {isa = PBXBuildFile; fileRef = D035A340175F9D6000F5809B /* NSPersistentStoreCoordinator+MagicalRecord.m */; settings = {COMPILER_FLAGS = "-fobjc-arc"; }; };
		D035A365175F9D6000F5809B /* MagicalRecord+Actions.m in Sources */ = {isa = PBXBuildFile; fileRef = D035A343175F9D6000F5809B /* MagicalRecord+Actions.m */; settings = {COMPILER_FLAGS = "-fobjc-arc"; }; };
		D035A366175F9D6000F5809B /* MagicalRecord+ErrorHandling.m in Sources */ = {isa = PBXBuildFile; fileRef = D035A345175F9D6000F5809B /* MagicalRecord+ErrorHandling.m */; settings = {COMPILER_FLAGS = "-fobjc-arc"; }; };
		D035A367175F9D6000F5809B /* MagicalRecord+iCloud.m in Sources */ = {isa = PBXBuildFile; fileRef = D035A347175F9D6000F5809B /* MagicalRecord+iCloud.m */; settings = {COMPILER_FLAGS = "-fobjc-arc"; }; };
		D035A368175F9D6000F5809B /* MagicalRecord+Options.m in Sources */ = {isa = PBXBuildFile; fileRef = D035A349175F9D6000F5809B /* MagicalRecord+Options.m */; settings = {COMPILER_FLAGS = "-fobjc-arc"; }; };
		D035A369175F9D6000F5809B /* MagicalRecord+Setup.m in Sources */ = {isa = PBXBuildFile; fileRef = D035A34B175F9D6000F5809B /* MagicalRecord+Setup.m */; settings = {COMPILER_FLAGS = "-fobjc-arc"; }; };
		D035A36A175F9D6000F5809B /* MagicalRecord+ShorthandSupport.m in Sources */ = {isa = PBXBuildFile; fileRef = D035A34D175F9D6000F5809B /* MagicalRecord+ShorthandSupport.m */; settings = {COMPILER_FLAGS = "-fobjc-arc"; }; };
		D035A36B175F9D6000F5809B /* MagicalRecord.m in Sources */ = {isa = PBXBuildFile; fileRef = D035A34F175F9D6000F5809B /* MagicalRecord.m */; settings = {COMPILER_FLAGS = "-fobjc-arc"; }; };
		D035A36D175F9F1600F5809B /* CoreData.framework in Frameworks */ = {isa = PBXBuildFile; fileRef = D035A36C175F9F1600F5809B /* CoreData.framework */; };
		D06BBBA9175E9B1A001D3BA3 /* Leftmenu.plist in Resources */ = {isa = PBXBuildFile; fileRef = D06BBBA8175E9B1A001D3BA3 /* Leftmenu.plist */; };
		D072666B175E370400BA64C0 /* navbar@2x.png in Resources */ = {isa = PBXBuildFile; fileRef = D072666A175E370400BA64C0 /* navbar@2x.png */; };
		D0726680175E3E7200BA64C0 /* AFHTTPClient.m in Sources */ = {isa = PBXBuildFile; fileRef = D072666E175E3E7200BA64C0 /* AFHTTPClient.m */; settings = {COMPILER_FLAGS = "-fobjc-arc"; }; };
		D0726681175E3E7200BA64C0 /* AFHTTPRequestOperation.m in Sources */ = {isa = PBXBuildFile; fileRef = D0726670175E3E7200BA64C0 /* AFHTTPRequestOperation.m */; settings = {COMPILER_FLAGS = "-fobjc-arc"; }; };
		D0726682175E3E7200BA64C0 /* AFImageRequestOperation.m in Sources */ = {isa = PBXBuildFile; fileRef = D0726672175E3E7200BA64C0 /* AFImageRequestOperation.m */; settings = {COMPILER_FLAGS = "-fobjc-arc"; }; };
		D0726683175E3E7200BA64C0 /* AFJSONRequestOperation.m in Sources */ = {isa = PBXBuildFile; fileRef = D0726674175E3E7200BA64C0 /* AFJSONRequestOperation.m */; settings = {COMPILER_FLAGS = "-fobjc-arc"; }; };
		D0726684175E3E7200BA64C0 /* AFNetworkActivityIndicatorManager.m in Sources */ = {isa = PBXBuildFile; fileRef = D0726676175E3E7200BA64C0 /* AFNetworkActivityIndicatorManager.m */; settings = {COMPILER_FLAGS = "-fobjc-arc"; }; };
		D0726685175E3E7200BA64C0 /* AFPropertyListRequestOperation.m in Sources */ = {isa = PBXBuildFile; fileRef = D0726679175E3E7200BA64C0 /* AFPropertyListRequestOperation.m */; settings = {COMPILER_FLAGS = "-fobjc-arc"; }; };
		D0726686175E3E7200BA64C0 /* AFURLConnectionOperation.m in Sources */ = {isa = PBXBuildFile; fileRef = D072667B175E3E7200BA64C0 /* AFURLConnectionOperation.m */; settings = {COMPILER_FLAGS = "-fobjc-arc"; }; };
		D0726687175E3E7200BA64C0 /* AFXMLRequestOperation.m in Sources */ = {isa = PBXBuildFile; fileRef = D072667D175E3E7200BA64C0 /* AFXMLRequestOperation.m */; settings = {COMPILER_FLAGS = "-fobjc-arc"; }; };
		D0726688175E3E7200BA64C0 /* UIImageView+AFNetworking.m in Sources */ = {isa = PBXBuildFile; fileRef = D072667F175E3E7200BA64C0 /* UIImageView+AFNetworking.m */; settings = {COMPILER_FLAGS = "-fobjc-arc"; }; };
		D072668B175E463F00BA64C0 /* topViewObject.m in Sources */ = {isa = PBXBuildFile; fileRef = D072668A175E463F00BA64C0 /* topViewObject.m */; };
		D072668F175E4C4B00BA64C0 /* errdioCell.m in Sources */ = {isa = PBXBuildFile; fileRef = D072668E175E4C4B00BA64C0 /* errdioCell.m */; };
		D0726691175E59D400BA64C0 /* location_small@2x.png in Resources */ = {isa = PBXBuildFile; fileRef = D0726690175E59D400BA64C0 /* location_small@2x.png */; };
		D0726697175E60E400BA64C0 /* JASidePanelController.m in Sources */ = {isa = PBXBuildFile; fileRef = D0726694175E60E400BA64C0 /* JASidePanelController.m */; settings = {COMPILER_FLAGS = "-fobjc-arc"; }; };
		D0726698175E60E400BA64C0 /* UIViewController+JASidePanel.m in Sources */ = {isa = PBXBuildFile; fileRef = D0726696175E60E400BA64C0 /* UIViewController+JASidePanel.m */; settings = {COMPILER_FLAGS = "-fobjc-arc"; }; };
		D072669C175E61A600BA64C0 /* erdioLeft.m in Sources */ = {isa = PBXBuildFile; fileRef = D072669B175E61A600BA64C0 /* erdioLeft.m */; };
		D072669F175E63C700BA64C0 /* QuartzCore.framework in Frameworks */ = {isa = PBXBuildFile; fileRef = D072669D175E63BE00BA64C0 /* QuartzCore.framework */; };
		D07266A1175E691400BA64C0 /* search@2x.png in Resources */ = {isa = PBXBuildFile; fileRef = D07266A0175E691400BA64C0 /* search@2x.png */; };
		D07266A3175E6AE400BA64C0 /* navbar2-kanan@2x.png in Resources */ = {isa = PBXBuildFile; fileRef = D07266A2175E6AE400BA64C0 /* navbar2-kanan@2x.png */; };
		D07266A7175E6B0900BA64C0 /* search.m in Sources */ = {isa = PBXBuildFile; fileRef = D07266A6175E6B0900BA64C0 /* search.m */; };
		D07266A9175E6D3A00BA64C0 /* cancel@2x.png in Resources */ = {isa = PBXBuildFile; fileRef = D07266A8175E6D3A00BA64C0 /* cancel@2x.png */; };
		D07266AD175E80BA00BA64C0 /* AudioStreamer.m in Sources */ = {isa = PBXBuildFile; fileRef = D07266AC175E80BA00BA64C0 /* AudioStreamer.m */; };
		D07266B8175E877100BA64C0 /* AudioToolbox.framework in Frameworks */ = {isa = PBXBuildFile; fileRef = D07266B6175E875F00BA64C0 /* AudioToolbox.framework */; };
		D07266B9175E877100BA64C0 /* MediaPlayer.framework in Frameworks */ = {isa = PBXBuildFile; fileRef = D07266B4175E874E00BA64C0 /* MediaPlayer.framework */; };
		D07266BA175E877100BA64C0 /* CFNetwork.framework in Frameworks */ = {isa = PBXBuildFile; fileRef = D07266B2175E874400BA64C0 /* CFNetwork.framework */; };
		D07266BE175E8D4A00BA64C0 /* netraPlayer.m in Sources */ = {isa = PBXBuildFile; fileRef = D07266BD175E8D4A00BA64C0 /* netraPlayer.m */; };
		D09E9DB01761BFCC00C1D786 /* erdioo.xcdatamodeld in Sources */ = {isa = PBXBuildFile; fileRef = D09E9DAE1761BFCC00C1D786 /* erdioo.xcdatamodeld */; };
		D09E9DB21761CCBE00C1D786 /* logo@2x.png in Resources */ = {isa = PBXBuildFile; fileRef = D09E9DB11761CCBE00C1D786 /* logo@2x.png */; };
		D09E9DB41761D9A000C1D786 /* selected@2x.png in Resources */ = {isa = PBXBuildFile; fileRef = D09E9DB31761D9A000C1D786 /* selected@2x.png */; };
		D09E9DB81762158D00C1D786 /* libFlurry.a in Frameworks */ = {isa = PBXBuildFile; fileRef = D09E9DB71762158D00C1D786 /* libFlurry.a */; };
		D09E9DBA1762163D00C1D786 /* SystemConfiguration.framework in Frameworks */ = {isa = PBXBuildFile; fileRef = D09E9DB91762163D00C1D786 /* SystemConfiguration.framework */; };
		D09E9DBD176217F000C1D786 /* regionalCell.m in Sources */ = {isa = PBXBuildFile; fileRef = D09E9DBC176217F000C1D786 /* regionalCell.m */; };
		D09E9DC0176220C200C1D786 /* provinsiObject.m in Sources */ = {isa = PBXBuildFile; fileRef = D09E9DBF176220C200C1D786 /* provinsiObject.m */; };
		D09E9DC2176227EB00C1D786 /* map@2x.png in Resources */ = {isa = PBXBuildFile; fileRef = D09E9DC1176227EB00C1D786 /* map@2x.png */; };
		D09E9DC417622A5B00C1D786 /* arrow@2x.png in Resources */ = {isa = PBXBuildFile; fileRef = D09E9DC317622A5B00C1D786 /* arrow@2x.png */; };
		D09E9DC717622DFE00C1D786 /* RadioRegional.m in Sources */ = {isa = PBXBuildFile; fileRef = D09E9DC617622DFD00C1D786 /* RadioRegional.m */; };
		D09E9DC917622F8C00C1D786 /* back@2x.png in Resources */ = {isa = PBXBuildFile; fileRef = D09E9DC817622F8C00C1D786 /* back@2x.png */; };
		D09E9DCF17623E1400C1D786 /* 0@2x.png in Resources */ = {isa = PBXBuildFile; fileRef = D09E9DCE17623E1400C1D786 /* 0@2x.png */; };
		D09E9DD117623E4300C1D786 /* 2@2x.png in Resources */ = {isa = PBXBuildFile; fileRef = D09E9DD017623E4300C1D786 /* 2@2x.png */; };
		D09E9DD617623EA800C1D786 /* 1@2x.png in Resources */ = {isa = PBXBuildFile; fileRef = D09E9DD317623EA800C1D786 /* 1@2x.png */; };
		D09E9DD91762408000C1D786 /* 3@2x.png in Resources */ = {isa = PBXBuildFile; fileRef = D09E9DD81762408000C1D786 /* 3@2x.png */; };
		D09E9DDB176240F200C1D786 /* 4@2x.png in Resources */ = {isa = PBXBuildFile; fileRef = D09E9DDA176240F200C1D786 /* 4@2x.png */; };
		D09E9DDD176241F300C1D786 /* 5@2x.png in Resources */ = {isa = PBXBuildFile; fileRef = D09E9DDC176241F300C1D786 /* 5@2x.png */; };
		D09E9DE017624E1300C1D786 /* shadow_push@2x.png in Resources */ = {isa = PBXBuildFile; fileRef = D09E9DDE17624E1300C1D786 /* shadow_push@2x.png */; };
		D09E9DE117624E1300C1D786 /* shadow@2x.png in Resources */ = {isa = PBXBuildFile; fileRef = D09E9DDF17624E1300C1D786 /* shadow@2x.png */; };
		D09E9DE51762DA3900C1D786 /* TJSpinner.m in Sources */ = {isa = PBXBuildFile; fileRef = D09E9DE41762DA3900C1D786 /* TJSpinner.m */; };
		D0C35AC5175DACF5008A7F81 /* UIKit.framework in Frameworks */ = {isa = PBXBuildFile; fileRef = D0C35AC4175DACF5008A7F81 /* UIKit.framework */; };
		D0C35AC7175DACF5008A7F81 /* Foundation.framework in Frameworks */ = {isa = PBXBuildFile; fileRef = D0C35AC6175DACF5008A7F81 /* Foundation.framework */; };
		D0C35AC9175DACF5008A7F81 /* CoreGraphics.framework in Frameworks */ = {isa = PBXBuildFile; fileRef = D0C35AC8175DACF5008A7F81 /* CoreGraphics.framework */; };
		D0C35ACF175DACF5008A7F81 /* InfoPlist.strings in Resources */ = {isa = PBXBuildFile; fileRef = D0C35ACD175DACF5008A7F81 /* InfoPlist.strings */; };
		D0C35AD1175DACF5008A7F81 /* main.m in Sources */ = {isa = PBXBuildFile; fileRef = D0C35AD0175DACF5008A7F81 /* main.m */; };
		D0C35AD5175DACF5008A7F81 /* AppDelegate.m in Sources */ = {isa = PBXBuildFile; fileRef = D0C35AD4175DACF5008A7F81 /* AppDelegate.m */; };
		D0C35AD7175DACF5008A7F81 /* Default.png in Resources */ = {isa = PBXBuildFile; fileRef = D0C35AD6175DACF5008A7F81 /* Default.png */; };
		D0C35AD9175DACF5008A7F81 /* Default@2x.png in Resources */ = {isa = PBXBuildFile; fileRef = D0C35AD8175DACF5008A7F81 /* Default@2x.png */; };
		D0C35ADB175DACF5008A7F81 /* Default-568h@2x.png in Resources */ = {isa = PBXBuildFile; fileRef = D0C35ADA175DACF5008A7F81 /* Default-568h@2x.png */; };
		D0C35AE9175DD3C1008A7F81 /* atta.m in Sources */ = {isa = PBXBuildFile; fileRef = D0C35AE8175DD3C1008A7F81 /* atta.m */; };
/* End PBXBuildFile section */

/* Begin PBXFileReference section */
		D035A2FE175F45A500F5809B /* placeholder@2x.png */ = {isa = PBXFileReference; lastKnownFileType = image.png; path = "placeholder@2x.png"; sourceTree = "<group>"; };
		D035A300175F639100F5809B /* left@2x.png */ = {isa = PBXFileReference; lastKnownFileType = image.png; path = "left@2x.png"; sourceTree = "<group>"; };
		D035A303175F918800F5809B /* leftCell.h */ = {isa = PBXFileReference; fileEncoding = 4; lastKnownFileType = sourcecode.c.h; path = leftCell.h; sourceTree = "<group>"; };
		D035A304175F918800F5809B /* leftCell.m */ = {isa = PBXFileReference; fileEncoding = 4; lastKnownFileType = sourcecode.c.objc; path = leftCell.m; sourceTree = "<group>"; };
		D035A307175F92E600F5809B /* erdiooCenter.h */ = {isa = PBXFileReference; fileEncoding = 4; lastKnownFileType = sourcecode.c.h; path = erdiooCenter.h; sourceTree = "<group>"; };
		D035A308175F92E600F5809B /* erdiooCenter.m */ = {isa = PBXFileReference; fileEncoding = 4; lastKnownFileType = sourcecode.c.objc; path = erdiooCenter.m; sourceTree = "<group>"; };
		D035A30D175F934D00F5809B /* erdiooGroup.h */ = {isa = PBXFileReference; fileEncoding = 4; lastKnownFileType = sourcecode.c.h; path = erdiooGroup.h; sourceTree = "<group>"; };
		D035A30E175F934D00F5809B /* erdiooGroup.m */ = {isa = PBXFileReference; fileEncoding = 4; lastKnownFileType = sourcecode.c.objc; path = erdiooGroup.m; sourceTree = "<group>"; };
		D035A310175F935C00F5809B /* erdioomy.h */ = {isa = PBXFileReference; fileEncoding = 4; lastKnownFileType = sourcecode.c.h; path = erdioomy.h; sourceTree = "<group>"; };
		D035A311175F935C00F5809B /* erdioomy.m */ = {isa = PBXFileReference; fileEncoding = 4; lastKnownFileType = sourcecode.c.objc; path = erdioomy.m; sourceTree = "<group>"; };
		D035A313175F937300F5809B /* erdiooRegional.h */ = {isa = PBXFileReference; fileEncoding = 4; lastKnownFileType = sourcecode.c.h; path = erdiooRegional.h; sourceTree = "<group>"; };
		D035A314175F937300F5809B /* erdiooRegional.m */ = {isa = PBXFileReference; fileEncoding = 4; lastKnownFileType = sourcecode.c.objc; path = erdiooRegional.m; sourceTree = "<group>"; };
		D035A319175F9D6000F5809B /* MagicalImportFunctions.h */ = {isa = PBXFileReference; fileEncoding = 4; lastKnownFileType = sourcecode.c.h; path = MagicalImportFunctions.h; sourceTree = "<group>"; };
		D035A31A175F9D6000F5809B /* MagicalImportFunctions.m */ = {isa = PBXFileReference; fileEncoding = 4; lastKnownFileType = sourcecode.c.objc; path = MagicalImportFunctions.m; sourceTree = "<group>"; };
		D035A31B175F9D6000F5809B /* NSAttributeDescription+MagicalDataImport.h */ = {isa = PBXFileReference; fileEncoding = 4; lastKnownFileType = sourcecode.c.h; path = "NSAttributeDescription+MagicalDataImport.h"; sourceTree = "<group>"; };
		D035A31C175F9D6000F5809B /* NSAttributeDescription+MagicalDataImport.m */ = {isa = PBXFileReference; fileEncoding = 4; lastKnownFileType = sourcecode.c.objc; path = "NSAttributeDescription+MagicalDataImport.m"; sourceTree = "<group>"; };
		D035A31D175F9D6000F5809B /* NSEntityDescription+MagicalDataImport.h */ = {isa = PBXFileReference; fileEncoding = 4; lastKnownFileType = sourcecode.c.h; path = "NSEntityDescription+MagicalDataImport.h"; sourceTree = "<group>"; };
		D035A31E175F9D6000F5809B /* NSEntityDescription+MagicalDataImport.m */ = {isa = PBXFileReference; fileEncoding = 4; lastKnownFileType = sourcecode.c.objc; path = "NSEntityDescription+MagicalDataImport.m"; sourceTree = "<group>"; };
		D035A31F175F9D6000F5809B /* NSNumber+MagicalDataImport.h */ = {isa = PBXFileReference; fileEncoding = 4; lastKnownFileType = sourcecode.c.h; path = "NSNumber+MagicalDataImport.h"; sourceTree = "<group>"; };
		D035A320175F9D6000F5809B /* NSNumber+MagicalDataImport.m */ = {isa = PBXFileReference; fileEncoding = 4; lastKnownFileType = sourcecode.c.objc; path = "NSNumber+MagicalDataImport.m"; sourceTree = "<group>"; };
		D035A321175F9D6000F5809B /* NSObject+MagicalDataImport.h */ = {isa = PBXFileReference; fileEncoding = 4; lastKnownFileType = sourcecode.c.h; path = "NSObject+MagicalDataImport.h"; sourceTree = "<group>"; };
		D035A322175F9D6000F5809B /* NSObject+MagicalDataImport.m */ = {isa = PBXFileReference; fileEncoding = 4; lastKnownFileType = sourcecode.c.objc; path = "NSObject+MagicalDataImport.m"; sourceTree = "<group>"; };
		D035A323175F9D6000F5809B /* NSRelationshipDescription+MagicalDataImport.h */ = {isa = PBXFileReference; fileEncoding = 4; lastKnownFileType = sourcecode.c.h; path = "NSRelationshipDescription+MagicalDataImport.h"; sourceTree = "<group>"; };
		D035A324175F9D6000F5809B /* NSRelationshipDescription+MagicalDataImport.m */ = {isa = PBXFileReference; fileEncoding = 4; lastKnownFileType = sourcecode.c.objc; path = "NSRelationshipDescription+MagicalDataImport.m"; sourceTree = "<group>"; };
		D035A325175F9D6000F5809B /* NSString+MagicalDataImport.h */ = {isa = PBXFileReference; fileEncoding = 4; lastKnownFileType = sourcecode.c.h; path = "NSString+MagicalDataImport.h"; sourceTree = "<group>"; };
		D035A326175F9D6000F5809B /* NSString+MagicalDataImport.m */ = {isa = PBXFileReference; fileEncoding = 4; lastKnownFileType = sourcecode.c.objc; path = "NSString+MagicalDataImport.m"; sourceTree = "<group>"; };
		D035A328175F9D6000F5809B /* NSManagedObject+MagicalAggregation.h */ = {isa = PBXFileReference; fileEncoding = 4; lastKnownFileType = sourcecode.c.h; path = "NSManagedObject+MagicalAggregation.h"; sourceTree = "<group>"; };
		D035A329175F9D6000F5809B /* NSManagedObject+MagicalAggregation.m */ = {isa = PBXFileReference; fileEncoding = 4; lastKnownFileType = sourcecode.c.objc; path = "NSManagedObject+MagicalAggregation.m"; sourceTree = "<group>"; };
		D035A32A175F9D6000F5809B /* NSManagedObject+MagicalDataImport.h */ = {isa = PBXFileReference; fileEncoding = 4; lastKnownFileType = sourcecode.c.h; path = "NSManagedObject+MagicalDataImport.h"; sourceTree = "<group>"; };
		D035A32B175F9D6000F5809B /* NSManagedObject+MagicalDataImport.m */ = {isa = PBXFileReference; fileEncoding = 4; lastKnownFileType = sourcecode.c.objc; path = "NSManagedObject+MagicalDataImport.m"; sourceTree = "<group>"; };
		D035A32C175F9D6000F5809B /* NSManagedObject+MagicalFinders.h */ = {isa = PBXFileReference; fileEncoding = 4; lastKnownFileType = sourcecode.c.h; path = "NSManagedObject+MagicalFinders.h"; sourceTree = "<group>"; };
		D035A32D175F9D6000F5809B /* NSManagedObject+MagicalFinders.m */ = {isa = PBXFileReference; fileEncoding = 4; lastKnownFileType = sourcecode.c.objc; path = "NSManagedObject+MagicalFinders.m"; sourceTree = "<group>"; };
		D035A32E175F9D6000F5809B /* NSManagedObject+MagicalRecord.h */ = {isa = PBXFileReference; fileEncoding = 4; lastKnownFileType = sourcecode.c.h; path = "NSManagedObject+MagicalRecord.h"; sourceTree = "<group>"; };
		D035A32F175F9D6000F5809B /* NSManagedObject+MagicalRecord.m */ = {isa = PBXFileReference; fileEncoding = 4; lastKnownFileType = sourcecode.c.objc; path = "NSManagedObject+MagicalRecord.m"; sourceTree = "<group>"; };
		D035A330175F9D6000F5809B /* NSManagedObject+MagicalRequests.h */ = {isa = PBXFileReference; fileEncoding = 4; lastKnownFileType = sourcecode.c.h; path = "NSManagedObject+MagicalRequests.h"; sourceTree = "<group>"; };
		D035A331175F9D6000F5809B /* NSManagedObject+MagicalRequests.m */ = {isa = PBXFileReference; fileEncoding = 4; lastKnownFileType = sourcecode.c.objc; path = "NSManagedObject+MagicalRequests.m"; sourceTree = "<group>"; };
		D035A333175F9D6000F5809B /* NSManagedObjectContext+MagicalObserving.h */ = {isa = PBXFileReference; fileEncoding = 4; lastKnownFileType = sourcecode.c.h; path = "NSManagedObjectContext+MagicalObserving.h"; sourceTree = "<group>"; };
		D035A334175F9D6000F5809B /* NSManagedObjectContext+MagicalObserving.m */ = {isa = PBXFileReference; fileEncoding = 4; lastKnownFileType = sourcecode.c.objc; path = "NSManagedObjectContext+MagicalObserving.m"; sourceTree = "<group>"; };
		D035A335175F9D6000F5809B /* NSManagedObjectContext+MagicalRecord.h */ = {isa = PBXFileReference; fileEncoding = 4; lastKnownFileType = sourcecode.c.h; path = "NSManagedObjectContext+MagicalRecord.h"; sourceTree = "<group>"; };
		D035A336175F9D6000F5809B /* NSManagedObjectContext+MagicalRecord.m */ = {isa = PBXFileReference; fileEncoding = 4; lastKnownFileType = sourcecode.c.objc; path = "NSManagedObjectContext+MagicalRecord.m"; sourceTree = "<group>"; };
		D035A337175F9D6000F5809B /* NSManagedObjectContext+MagicalSaves.h */ = {isa = PBXFileReference; fileEncoding = 4; lastKnownFileType = sourcecode.c.h; path = "NSManagedObjectContext+MagicalSaves.h"; sourceTree = "<group>"; };
		D035A338175F9D6000F5809B /* NSManagedObjectContext+MagicalSaves.m */ = {isa = PBXFileReference; fileEncoding = 4; lastKnownFileType = sourcecode.c.objc; path = "NSManagedObjectContext+MagicalSaves.m"; sourceTree = "<group>"; };
		D035A339175F9D6000F5809B /* NSManagedObjectContext+MagicalThreading.h */ = {isa = PBXFileReference; fileEncoding = 4; lastKnownFileType = sourcecode.c.h; path = "NSManagedObjectContext+MagicalThreading.h"; sourceTree = "<group>"; };
		D035A33A175F9D6000F5809B /* NSManagedObjectContext+MagicalThreading.m */ = {isa = PBXFileReference; fileEncoding = 4; lastKnownFileType = sourcecode.c.objc; path = "NSManagedObjectContext+MagicalThreading.m"; sourceTree = "<group>"; };
		D035A33B175F9D6000F5809B /* NSManagedObjectModel+MagicalRecord.h */ = {isa = PBXFileReference; fileEncoding = 4; lastKnownFileType = sourcecode.c.h; path = "NSManagedObjectModel+MagicalRecord.h"; sourceTree = "<group>"; };
		D035A33C175F9D6000F5809B /* NSManagedObjectModel+MagicalRecord.m */ = {isa = PBXFileReference; fileEncoding = 4; lastKnownFileType = sourcecode.c.objc; path = "NSManagedObjectModel+MagicalRecord.m"; sourceTree = "<group>"; };
		D035A33D175F9D6000F5809B /* NSPersistentStore+MagicalRecord.h */ = {isa = PBXFileReference; fileEncoding = 4; lastKnownFileType = sourcecode.c.h; path = "NSPersistentStore+MagicalRecord.h"; sourceTree = "<group>"; };
		D035A33E175F9D6000F5809B /* NSPersistentStore+MagicalRecord.m */ = {isa = PBXFileReference; fileEncoding = 4; lastKnownFileType = sourcecode.c.objc; path = "NSPersistentStore+MagicalRecord.m"; sourceTree = "<group>"; };
		D035A33F175F9D6000F5809B /* NSPersistentStoreCoordinator+MagicalRecord.h */ = {isa = PBXFileReference; fileEncoding = 4; lastKnownFileType = sourcecode.c.h; path = "NSPersistentStoreCoordinator+MagicalRecord.h"; sourceTree = "<group>"; };
		D035A340175F9D6000F5809B /* NSPersistentStoreCoordinator+MagicalRecord.m */ = {isa = PBXFileReference; fileEncoding = 4; lastKnownFileType = sourcecode.c.objc; path = "NSPersistentStoreCoordinator+MagicalRecord.m"; sourceTree = "<group>"; };
		D035A342175F9D6000F5809B /* MagicalRecord+Actions.h */ = {isa = PBXFileReference; fileEncoding = 4; lastKnownFileType = sourcecode.c.h; path = "MagicalRecord+Actions.h"; sourceTree = "<group>"; };
		D035A343175F9D6000F5809B /* MagicalRecord+Actions.m */ = {isa = PBXFileReference; fileEncoding = 4; lastKnownFileType = sourcecode.c.objc; path = "MagicalRecord+Actions.m"; sourceTree = "<group>"; };
		D035A344175F9D6000F5809B /* MagicalRecord+ErrorHandling.h */ = {isa = PBXFileReference; fileEncoding = 4; lastKnownFileType = sourcecode.c.h; path = "MagicalRecord+ErrorHandling.h"; sourceTree = "<group>"; };
		D035A345175F9D6000F5809B /* MagicalRecord+ErrorHandling.m */ = {isa = PBXFileReference; fileEncoding = 4; lastKnownFileType = sourcecode.c.objc; path = "MagicalRecord+ErrorHandling.m"; sourceTree = "<group>"; };
		D035A346175F9D6000F5809B /* MagicalRecord+iCloud.h */ = {isa = PBXFileReference; fileEncoding = 4; lastKnownFileType = sourcecode.c.h; path = "MagicalRecord+iCloud.h"; sourceTree = "<group>"; };
		D035A347175F9D6000F5809B /* MagicalRecord+iCloud.m */ = {isa = PBXFileReference; fileEncoding = 4; lastKnownFileType = sourcecode.c.objc; path = "MagicalRecord+iCloud.m"; sourceTree = "<group>"; };
		D035A348175F9D6000F5809B /* MagicalRecord+Options.h */ = {isa = PBXFileReference; fileEncoding = 4; lastKnownFileType = sourcecode.c.h; path = "MagicalRecord+Options.h"; sourceTree = "<group>"; };
		D035A349175F9D6000F5809B /* MagicalRecord+Options.m */ = {isa = PBXFileReference; fileEncoding = 4; lastKnownFileType = sourcecode.c.objc; path = "MagicalRecord+Options.m"; sourceTree = "<group>"; };
		D035A34A175F9D6000F5809B /* MagicalRecord+Setup.h */ = {isa = PBXFileReference; fileEncoding = 4; lastKnownFileType = sourcecode.c.h; path = "MagicalRecord+Setup.h"; sourceTree = "<group>"; };
		D035A34B175F9D6000F5809B /* MagicalRecord+Setup.m */ = {isa = PBXFileReference; fileEncoding = 4; lastKnownFileType = sourcecode.c.objc; path = "MagicalRecord+Setup.m"; sourceTree = "<group>"; };
		D035A34C175F9D6000F5809B /* MagicalRecord+ShorthandSupport.h */ = {isa = PBXFileReference; fileEncoding = 4; lastKnownFileType = sourcecode.c.h; path = "MagicalRecord+ShorthandSupport.h"; sourceTree = "<group>"; };
		D035A34D175F9D6000F5809B /* MagicalRecord+ShorthandSupport.m */ = {isa = PBXFileReference; fileEncoding = 4; lastKnownFileType = sourcecode.c.objc; path = "MagicalRecord+ShorthandSupport.m"; sourceTree = "<group>"; };
		D035A34E175F9D6000F5809B /* MagicalRecord.h */ = {isa = PBXFileReference; fileEncoding = 4; lastKnownFileType = sourcecode.c.h; path = MagicalRecord.h; sourceTree = "<group>"; };
		D035A34F175F9D6000F5809B /* MagicalRecord.m */ = {isa = PBXFileReference; fileEncoding = 4; lastKnownFileType = sourcecode.c.objc; path = MagicalRecord.m; sourceTree = "<group>"; };
		D035A350175F9D6000F5809B /* MagicalRecordShorthand.h */ = {isa = PBXFileReference; fileEncoding = 4; lastKnownFileType = sourcecode.c.h; path = MagicalRecordShorthand.h; sourceTree = "<group>"; };
		D035A351175F9D6000F5809B /* CoreData+MagicalRecord.h */ = {isa = PBXFileReference; fileEncoding = 4; lastKnownFileType = sourcecode.c.h; path = "CoreData+MagicalRecord.h"; sourceTree = "<group>"; };
		D035A36C175F9F1600F5809B /* CoreData.framework */ = {isa = PBXFileReference; lastKnownFileType = wrapper.framework; name = CoreData.framework; path = System/Library/Frameworks/CoreData.framework; sourceTree = SDKROOT; };
		D06BBBA8175E9B1A001D3BA3 /* Leftmenu.plist */ = {isa = PBXFileReference; fileEncoding = 4; lastKnownFileType = text.plist.xml; path = Leftmenu.plist; sourceTree = "<group>"; };
		D072666A175E370400BA64C0 /* navbar@2x.png */ = {isa = PBXFileReference; lastKnownFileType = image.png; path = "navbar@2x.png"; sourceTree = "<group>"; };
		D072666D175E3E7200BA64C0 /* AFHTTPClient.h */ = {isa = PBXFileReference; fileEncoding = 4; lastKnownFileType = sourcecode.c.h; path = AFHTTPClient.h; sourceTree = "<group>"; };
		D072666E175E3E7200BA64C0 /* AFHTTPClient.m */ = {isa = PBXFileReference; fileEncoding = 4; lastKnownFileType = sourcecode.c.objc; path = AFHTTPClient.m; sourceTree = "<group>"; };
		D072666F175E3E7200BA64C0 /* AFHTTPRequestOperation.h */ = {isa = PBXFileReference; fileEncoding = 4; lastKnownFileType = sourcecode.c.h; path = AFHTTPRequestOperation.h; sourceTree = "<group>"; };
		D0726670175E3E7200BA64C0 /* AFHTTPRequestOperation.m */ = {isa = PBXFileReference; fileEncoding = 4; lastKnownFileType = sourcecode.c.objc; path = AFHTTPRequestOperation.m; sourceTree = "<group>"; };
		D0726671175E3E7200BA64C0 /* AFImageRequestOperation.h */ = {isa = PBXFileReference; fileEncoding = 4; lastKnownFileType = sourcecode.c.h; path = AFImageRequestOperation.h; sourceTree = "<group>"; };
		D0726672175E3E7200BA64C0 /* AFImageRequestOperation.m */ = {isa = PBXFileReference; fileEncoding = 4; lastKnownFileType = sourcecode.c.objc; path = AFImageRequestOperation.m; sourceTree = "<group>"; };
		D0726673175E3E7200BA64C0 /* AFJSONRequestOperation.h */ = {isa = PBXFileReference; fileEncoding = 4; lastKnownFileType = sourcecode.c.h; path = AFJSONRequestOperation.h; sourceTree = "<group>"; };
		D0726674175E3E7200BA64C0 /* AFJSONRequestOperation.m */ = {isa = PBXFileReference; fileEncoding = 4; lastKnownFileType = sourcecode.c.objc; path = AFJSONRequestOperation.m; sourceTree = "<group>"; };
		D0726675175E3E7200BA64C0 /* AFNetworkActivityIndicatorManager.h */ = {isa = PBXFileReference; fileEncoding = 4; lastKnownFileType = sourcecode.c.h; path = AFNetworkActivityIndicatorManager.h; sourceTree = "<group>"; };
		D0726676175E3E7200BA64C0 /* AFNetworkActivityIndicatorManager.m */ = {isa = PBXFileReference; fileEncoding = 4; lastKnownFileType = sourcecode.c.objc; path = AFNetworkActivityIndicatorManager.m; sourceTree = "<group>"; };
		D0726677175E3E7200BA64C0 /* AFNetworking.h */ = {isa = PBXFileReference; fileEncoding = 4; lastKnownFileType = sourcecode.c.h; path = AFNetworking.h; sourceTree = "<group>"; };
		D0726678175E3E7200BA64C0 /* AFPropertyListRequestOperation.h */ = {isa = PBXFileReference; fileEncoding = 4; lastKnownFileType = sourcecode.c.h; path = AFPropertyListRequestOperation.h; sourceTree = "<group>"; };
		D0726679175E3E7200BA64C0 /* AFPropertyListRequestOperation.m */ = {isa = PBXFileReference; fileEncoding = 4; lastKnownFileType = sourcecode.c.objc; path = AFPropertyListRequestOperation.m; sourceTree = "<group>"; };
		D072667A175E3E7200BA64C0 /* AFURLConnectionOperation.h */ = {isa = PBXFileReference; fileEncoding = 4; lastKnownFileType = sourcecode.c.h; path = AFURLConnectionOperation.h; sourceTree = "<group>"; };
		D072667B175E3E7200BA64C0 /* AFURLConnectionOperation.m */ = {isa = PBXFileReference; fileEncoding = 4; lastKnownFileType = sourcecode.c.objc; path = AFURLConnectionOperation.m; sourceTree = "<group>"; };
		D072667C175E3E7200BA64C0 /* AFXMLRequestOperation.h */ = {isa = PBXFileReference; fileEncoding = 4; lastKnownFileType = sourcecode.c.h; path = AFXMLRequestOperation.h; sourceTree = "<group>"; };
		D072667D175E3E7200BA64C0 /* AFXMLRequestOperation.m */ = {isa = PBXFileReference; fileEncoding = 4; lastKnownFileType = sourcecode.c.objc; path = AFXMLRequestOperation.m; sourceTree = "<group>"; };
		D072667E175E3E7200BA64C0 /* UIImageView+AFNetworking.h */ = {isa = PBXFileReference; fileEncoding = 4; lastKnownFileType = sourcecode.c.h; path = "UIImageView+AFNetworking.h"; sourceTree = "<group>"; };
		D072667F175E3E7200BA64C0 /* UIImageView+AFNetworking.m */ = {isa = PBXFileReference; fileEncoding = 4; lastKnownFileType = sourcecode.c.objc; path = "UIImageView+AFNetworking.m"; sourceTree = "<group>"; };
		D0726689175E463F00BA64C0 /* topViewObject.h */ = {isa = PBXFileReference; fileEncoding = 4; lastKnownFileType = sourcecode.c.h; path = topViewObject.h; sourceTree = "<group>"; };
		D072668A175E463F00BA64C0 /* topViewObject.m */ = {isa = PBXFileReference; fileEncoding = 4; lastKnownFileType = sourcecode.c.objc; path = topViewObject.m; sourceTree = "<group>"; };
		D072668D175E4C4B00BA64C0 /* errdioCell.h */ = {isa = PBXFileReference; fileEncoding = 4; lastKnownFileType = sourcecode.c.h; path = errdioCell.h; sourceTree = "<group>"; };
		D072668E175E4C4B00BA64C0 /* errdioCell.m */ = {isa = PBXFileReference; fileEncoding = 4; lastKnownFileType = sourcecode.c.objc; path = errdioCell.m; sourceTree = "<group>"; };
		D0726690175E59D400BA64C0 /* location_small@2x.png */ = {isa = PBXFileReference; lastKnownFileType = image.png; path = "location_small@2x.png"; sourceTree = "<group>"; };
		D0726693175E60E400BA64C0 /* JASidePanelController.h */ = {isa = PBXFileReference; fileEncoding = 4; lastKnownFileType = sourcecode.c.h; path = JASidePanelController.h; sourceTree = "<group>"; };
		D0726694175E60E400BA64C0 /* JASidePanelController.m */ = {isa = PBXFileReference; fileEncoding = 4; lastKnownFileType = sourcecode.c.objc; path = JASidePanelController.m; sourceTree = "<group>"; };
		D0726695175E60E400BA64C0 /* UIViewController+JASidePanel.h */ = {isa = PBXFileReference; fileEncoding = 4; lastKnownFileType = sourcecode.c.h; path = "UIViewController+JASidePanel.h"; sourceTree = "<group>"; };
		D0726696175E60E400BA64C0 /* UIViewController+JASidePanel.m */ = {isa = PBXFileReference; fileEncoding = 4; lastKnownFileType = sourcecode.c.objc; path = "UIViewController+JASidePanel.m"; sourceTree = "<group>"; };
		D072669A175E61A600BA64C0 /* erdioLeft.h */ = {isa = PBXFileReference; fileEncoding = 4; lastKnownFileType = sourcecode.c.h; path = erdioLeft.h; sourceTree = "<group>"; };
		D072669B175E61A600BA64C0 /* erdioLeft.m */ = {isa = PBXFileReference; fileEncoding = 4; lastKnownFileType = sourcecode.c.objc; path = erdioLeft.m; sourceTree = "<group>"; };
		D072669D175E63BE00BA64C0 /* QuartzCore.framework */ = {isa = PBXFileReference; lastKnownFileType = wrapper.framework; name = QuartzCore.framework; path = System/Library/Frameworks/QuartzCore.framework; sourceTree = SDKROOT; };
		D07266A0175E691400BA64C0 /* search@2x.png */ = {isa = PBXFileReference; lastKnownFileType = image.png; path = "search@2x.png"; sourceTree = "<group>"; };
		D07266A2175E6AE400BA64C0 /* navbar2-kanan@2x.png */ = {isa = PBXFileReference; lastKnownFileType = image.png; path = "navbar2-kanan@2x.png"; sourceTree = "<group>"; };
		D07266A5175E6B0900BA64C0 /* search.h */ = {isa = PBXFileReference; fileEncoding = 4; lastKnownFileType = sourcecode.c.h; path = search.h; sourceTree = "<group>"; };
		D07266A6175E6B0900BA64C0 /* search.m */ = {isa = PBXFileReference; fileEncoding = 4; lastKnownFileType = sourcecode.c.objc; path = search.m; sourceTree = "<group>"; };
		D07266A8175E6D3A00BA64C0 /* cancel@2x.png */ = {isa = PBXFileReference; lastKnownFileType = image.png; path = "cancel@2x.png"; sourceTree = "<group>"; };
		D07266AB175E80BA00BA64C0 /* AudioStreamer.h */ = {isa = PBXFileReference; fileEncoding = 4; lastKnownFileType = sourcecode.c.h; path = AudioStreamer.h; sourceTree = "<group>"; };
		D07266AC175E80BA00BA64C0 /* AudioStreamer.m */ = {isa = PBXFileReference; fileEncoding = 4; lastKnownFileType = sourcecode.c.objc; path = AudioStreamer.m; sourceTree = "<group>"; };
		D07266B2175E874400BA64C0 /* CFNetwork.framework */ = {isa = PBXFileReference; lastKnownFileType = wrapper.framework; name = CFNetwork.framework; path = System/Library/Frameworks/CFNetwork.framework; sourceTree = SDKROOT; };
		D07266B4175E874E00BA64C0 /* MediaPlayer.framework */ = {isa = PBXFileReference; lastKnownFileType = wrapper.framework; name = MediaPlayer.framework; path = System/Library/Frameworks/MediaPlayer.framework; sourceTree = SDKROOT; };
		D07266B6175E875F00BA64C0 /* AudioToolbox.framework */ = {isa = PBXFileReference; lastKnownFileType = wrapper.framework; name = AudioToolbox.framework; path = System/Library/Frameworks/AudioToolbox.framework; sourceTree = SDKROOT; };
		D07266BC175E8D4A00BA64C0 /* netraPlayer.h */ = {isa = PBXFileReference; fileEncoding = 4; lastKnownFileType = sourcecode.c.h; path = netraPlayer.h; sourceTree = "<group>"; };
		D07266BD175E8D4A00BA64C0 /* netraPlayer.m */ = {isa = PBXFileReference; fileEncoding = 4; lastKnownFileType = sourcecode.c.objc; path = netraPlayer.m; sourceTree = "<group>"; };
		D09E9DAF1761BFCC00C1D786 /* erdioo.xcdatamodel */ = {isa = PBXFileReference; lastKnownFileType = wrapper.xcdatamodel; path = erdioo.xcdatamodel; sourceTree = "<group>"; };
		D09E9DB11761CCBE00C1D786 /* logo@2x.png */ = {isa = PBXFileReference; lastKnownFileType = image.png; path = "logo@2x.png"; sourceTree = "<group>"; };
		D09E9DB31761D9A000C1D786 /* selected@2x.png */ = {isa = PBXFileReference; lastKnownFileType = image.png; path = "selected@2x.png"; sourceTree = "<group>"; };
		D09E9DB61762158D00C1D786 /* Flurry.h */ = {isa = PBXFileReference; fileEncoding = 4; lastKnownFileType = sourcecode.c.h; path = Flurry.h; sourceTree = "<group>"; };
		D09E9DB71762158D00C1D786 /* libFlurry.a */ = {isa = PBXFileReference; lastKnownFileType = archive.ar; path = libFlurry.a; sourceTree = "<group>"; };
		D09E9DB91762163D00C1D786 /* SystemConfiguration.framework */ = {isa = PBXFileReference; lastKnownFileType = wrapper.framework; name = SystemConfiguration.framework; path = System/Library/Frameworks/SystemConfiguration.framework; sourceTree = SDKROOT; };
		D09E9DBB176217F000C1D786 /* regionalCell.h */ = {isa = PBXFileReference; fileEncoding = 4; lastKnownFileType = sourcecode.c.h; path = regionalCell.h; sourceTree = "<group>"; };
		D09E9DBC176217F000C1D786 /* regionalCell.m */ = {isa = PBXFileReference; fileEncoding = 4; lastKnownFileType = sourcecode.c.objc; path = regionalCell.m; sourceTree = "<group>"; };
		D09E9DBE176220C200C1D786 /* provinsiObject.h */ = {isa = PBXFileReference; fileEncoding = 4; lastKnownFileType = sourcecode.c.h; path = provinsiObject.h; sourceTree = "<group>"; };
		D09E9DBF176220C200C1D786 /* provinsiObject.m */ = {isa = PBXFileReference; fileEncoding = 4; lastKnownFileType = sourcecode.c.objc; path = provinsiObject.m; sourceTree = "<group>"; };
		D09E9DC1176227EB00C1D786 /* map@2x.png */ = {isa = PBXFileReference; lastKnownFileType = image.png; path = "map@2x.png"; sourceTree = "<group>"; };
		D09E9DC317622A5B00C1D786 /* arrow@2x.png */ = {isa = PBXFileReference; lastKnownFileType = image.png; path = "arrow@2x.png"; sourceTree = "<group>"; };
		D09E9DC517622DFD00C1D786 /* RadioRegional.h */ = {isa = PBXFileReference; fileEncoding = 4; lastKnownFileType = sourcecode.c.h; path = RadioRegional.h; sourceTree = "<group>"; };
		D09E9DC617622DFD00C1D786 /* RadioRegional.m */ = {isa = PBXFileReference; fileEncoding = 4; lastKnownFileType = sourcecode.c.objc; path = RadioRegional.m; sourceTree = "<group>"; };
		D09E9DC817622F8C00C1D786 /* back@2x.png */ = {isa = PBXFileReference; lastKnownFileType = image.png; path = "back@2x.png"; sourceTree = "<group>"; };
		D09E9DCE17623E1400C1D786 /* 0@2x.png */ = {isa = PBXFileReference; lastKnownFileType = image.png; path = "0@2x.png"; sourceTree = "<group>"; };
		D09E9DD017623E4300C1D786 /* 2@2x.png */ = {isa = PBXFileReference; lastKnownFileType = image.png; path = "2@2x.png"; sourceTree = "<group>"; };
		D09E9DD317623EA800C1D786 /* 1@2x.png */ = {isa = PBXFileReference; lastKnownFileType = image.png; path = "1@2x.png"; sourceTree = "<group>"; };
		D09E9DD81762408000C1D786 /* 3@2x.png */ = {isa = PBXFileReference; lastKnownFileType = image.png; path = "3@2x.png"; sourceTree = "<group>"; };
		D09E9DDA176240F200C1D786 /* 4@2x.png */ = {isa = PBXFileReference; lastKnownFileType = image.png; path = "4@2x.png"; sourceTree = "<group>"; };
		D09E9DDC176241F300C1D786 /* 5@2x.png */ = {isa = PBXFileReference; lastKnownFileType = image.png; path = "5@2x.png"; sourceTree = "<group>"; };
		D09E9DDE17624E1300C1D786 /* shadow_push@2x.png */ = {isa = PBXFileReference; lastKnownFileType = image.png; path = "shadow_push@2x.png"; sourceTree = "<group>"; };
		D09E9DDF17624E1300C1D786 /* shadow@2x.png */ = {isa = PBXFileReference; lastKnownFileType = image.png; path = "shadow@2x.png"; sourceTree = "<group>"; };
		D09E9DE31762DA3900C1D786 /* TJSpinner.h */ = {isa = PBXFileReference; fileEncoding = 4; lastKnownFileType = sourcecode.c.h; path = TJSpinner.h; sourceTree = "<group>"; };
		D09E9DE41762DA3900C1D786 /* TJSpinner.m */ = {isa = PBXFileReference; fileEncoding = 4; lastKnownFileType = sourcecode.c.objc; path = TJSpinner.m; sourceTree = "<group>"; };
		D0C35AC1175DACF5008A7F81 /* Erdioo.app */ = {isa = PBXFileReference; explicitFileType = wrapper.application; includeInIndex = 0; path = Erdioo.app; sourceTree = BUILT_PRODUCTS_DIR; };
		D0C35AC4175DACF5008A7F81 /* UIKit.framework */ = {isa = PBXFileReference; lastKnownFileType = wrapper.framework; name = UIKit.framework; path = System/Library/Frameworks/UIKit.framework; sourceTree = SDKROOT; };
		D0C35AC6175DACF5008A7F81 /* Foundation.framework */ = {isa = PBXFileReference; lastKnownFileType = wrapper.framework; name = Foundation.framework; path = System/Library/Frameworks/Foundation.framework; sourceTree = SDKROOT; };
		D0C35AC8175DACF5008A7F81 /* CoreGraphics.framework */ = {isa = PBXFileReference; lastKnownFileType = wrapper.framework; name = CoreGraphics.framework; path = System/Library/Frameworks/CoreGraphics.framework; sourceTree = SDKROOT; };
		D0C35ACC175DACF5008A7F81 /* Erdioo-Info.plist */ = {isa = PBXFileReference; lastKnownFileType = text.plist.xml; path = "Erdioo-Info.plist"; sourceTree = "<group>"; };
		D0C35ACE175DACF5008A7F81 /* en */ = {isa = PBXFileReference; lastKnownFileType = text.plist.strings; name = en; path = en.lproj/InfoPlist.strings; sourceTree = "<group>"; };
		D0C35AD0175DACF5008A7F81 /* main.m */ = {isa = PBXFileReference; lastKnownFileType = sourcecode.c.objc; path = main.m; sourceTree = "<group>"; };
		D0C35AD2175DACF5008A7F81 /* Erdioo-Prefix.pch */ = {isa = PBXFileReference; lastKnownFileType = sourcecode.c.h; path = "Erdioo-Prefix.pch"; sourceTree = "<group>"; };
		D0C35AD3175DACF5008A7F81 /* AppDelegate.h */ = {isa = PBXFileReference; lastKnownFileType = sourcecode.c.h; path = AppDelegate.h; sourceTree = "<group>"; };
		D0C35AD4175DACF5008A7F81 /* AppDelegate.m */ = {isa = PBXFileReference; lastKnownFileType = sourcecode.c.objc; path = AppDelegate.m; sourceTree = "<group>"; };
		D0C35AD6175DACF5008A7F81 /* Default.png */ = {isa = PBXFileReference; lastKnownFileType = image.png; path = Default.png; sourceTree = "<group>"; };
		D0C35AD8175DACF5008A7F81 /* Default@2x.png */ = {isa = PBXFileReference; lastKnownFileType = image.png; path = "Default@2x.png"; sourceTree = "<group>"; };
		D0C35ADA175DACF5008A7F81 /* Default-568h@2x.png */ = {isa = PBXFileReference; lastKnownFileType = image.png; path = "Default-568h@2x.png"; sourceTree = "<group>"; };
		D0C35AE7175DD3C1008A7F81 /* atta.h */ = {isa = PBXFileReference; fileEncoding = 4; lastKnownFileType = sourcecode.c.h; path = atta.h; sourceTree = "<group>"; };
		D0C35AE8175DD3C1008A7F81 /* atta.m */ = {isa = PBXFileReference; fileEncoding = 4; lastKnownFileType = sourcecode.c.objc; path = atta.m; sourceTree = "<group>"; };
/* End PBXFileReference section */

/* Begin PBXFrameworksBuildPhase section */
		D0C35ABE175DACF5008A7F81 /* Frameworks */ = {
			isa = PBXFrameworksBuildPhase;
			buildActionMask = 2147483647;
			files = (
				D09E9DBA1762163D00C1D786 /* SystemConfiguration.framework in Frameworks */,
				D035A36D175F9F1600F5809B /* CoreData.framework in Frameworks */,
				D0C35AC5175DACF5008A7F81 /* UIKit.framework in Frameworks */,
				D0C35AC7175DACF5008A7F81 /* Foundation.framework in Frameworks */,
				D07266B8175E877100BA64C0 /* AudioToolbox.framework in Frameworks */,
				D07266B9175E877100BA64C0 /* MediaPlayer.framework in Frameworks */,
				D07266BA175E877100BA64C0 /* CFNetwork.framework in Frameworks */,
				D072669F175E63C700BA64C0 /* QuartzCore.framework in Frameworks */,
				D0C35AC9175DACF5008A7F81 /* CoreGraphics.framework in Frameworks */,
				D09E9DB81762158D00C1D786 /* libFlurry.a in Frameworks */,
			);
			runOnlyForDeploymentPostprocessing = 0;
		};
/* End PBXFrameworksBuildPhase section */

/* Begin PBXGroup section */
		D035A302175F8C2300F5809B /* leftCell */ = {
			isa = PBXGroup;
			children = (
				D035A303175F918800F5809B /* leftCell.h */,
				D035A304175F918800F5809B /* leftCell.m */,
			);
			path = leftCell;
			sourceTree = "<group>";
		};
		D035A306175F92E600F5809B /* topRadio */ = {
			isa = PBXGroup;
			children = (
				D035A307175F92E600F5809B /* erdiooCenter.h */,
				D035A308175F92E600F5809B /* erdiooCenter.m */,
			);
			path = topRadio;
			sourceTree = "<group>";
		};
		D035A30A175F932D00F5809B /* group */ = {
			isa = PBXGroup;
			children = (
				D035A30D175F934D00F5809B /* erdiooGroup.h */,
				D035A30E175F934D00F5809B /* erdiooGroup.m */,
			);
			path = group;
			sourceTree = "<group>";
		};
		D035A30B175F932D00F5809B /* myradio */ = {
			isa = PBXGroup;
			children = (
				D035A310175F935C00F5809B /* erdioomy.h */,
				D035A311175F935C00F5809B /* erdioomy.m */,
			);
			path = myradio;
			sourceTree = "<group>";
		};
		D035A30C175F932D00F5809B /* regional */ = {
			isa = PBXGroup;
			children = (
				D035A313175F937300F5809B /* erdiooRegional.h */,
				D035A314175F937300F5809B /* erdiooRegional.m */,
				D09E9DC517622DFD00C1D786 /* RadioRegional.h */,
				D09E9DC617622DFD00C1D786 /* RadioRegional.m */,
			);
			path = regional;
			sourceTree = "<group>";
		};
		D035A316175F9D6000F5809B /* MagicalRecord */ = {
			isa = PBXGroup;
			children = (
				D035A317175F9D6000F5809B /* Categories */,
				D035A341175F9D6000F5809B /* Core */,
				D035A351175F9D6000F5809B /* CoreData+MagicalRecord.h */,
			);
			path = MagicalRecord;
			sourceTree = "<group>";
		};
		D035A317175F9D6000F5809B /* Categories */ = {
			isa = PBXGroup;
			children = (
				D035A318175F9D6000F5809B /* DataImport */,
				D035A327175F9D6000F5809B /* NSManagedObject */,
				D035A332175F9D6000F5809B /* NSManagedObjectContext */,
				D035A33B175F9D6000F5809B /* NSManagedObjectModel+MagicalRecord.h */,
				D035A33C175F9D6000F5809B /* NSManagedObjectModel+MagicalRecord.m */,
				D035A33D175F9D6000F5809B /* NSPersistentStore+MagicalRecord.h */,
				D035A33E175F9D6000F5809B /* NSPersistentStore+MagicalRecord.m */,
				D035A33F175F9D6000F5809B /* NSPersistentStoreCoordinator+MagicalRecord.h */,
				D035A340175F9D6000F5809B /* NSPersistentStoreCoordinator+MagicalRecord.m */,
			);
			path = Categories;
			sourceTree = "<group>";
		};
		D035A318175F9D6000F5809B /* DataImport */ = {
			isa = PBXGroup;
			children = (
				D035A319175F9D6000F5809B /* MagicalImportFunctions.h */,
				D035A31A175F9D6000F5809B /* MagicalImportFunctions.m */,
				D035A31B175F9D6000F5809B /* NSAttributeDescription+MagicalDataImport.h */,
				D035A31C175F9D6000F5809B /* NSAttributeDescription+MagicalDataImport.m */,
				D035A31D175F9D6000F5809B /* NSEntityDescription+MagicalDataImport.h */,
				D035A31E175F9D6000F5809B /* NSEntityDescription+MagicalDataImport.m */,
				D035A31F175F9D6000F5809B /* NSNumber+MagicalDataImport.h */,
				D035A320175F9D6000F5809B /* NSNumber+MagicalDataImport.m */,
				D035A321175F9D6000F5809B /* NSObject+MagicalDataImport.h */,
				D035A322175F9D6000F5809B /* NSObject+MagicalDataImport.m */,
				D035A323175F9D6000F5809B /* NSRelationshipDescription+MagicalDataImport.h */,
				D035A324175F9D6000F5809B /* NSRelationshipDescription+MagicalDataImport.m */,
				D035A325175F9D6000F5809B /* NSString+MagicalDataImport.h */,
				D035A326175F9D6000F5809B /* NSString+MagicalDataImport.m */,
			);
			path = DataImport;
			sourceTree = "<group>";
		};
		D035A327175F9D6000F5809B /* NSManagedObject */ = {
			isa = PBXGroup;
			children = (
				D035A328175F9D6000F5809B /* NSManagedObject+MagicalAggregation.h */,
				D035A329175F9D6000F5809B /* NSManagedObject+MagicalAggregation.m */,
				D035A32A175F9D6000F5809B /* NSManagedObject+MagicalDataImport.h */,
				D035A32B175F9D6000F5809B /* NSManagedObject+MagicalDataImport.m */,
				D035A32C175F9D6000F5809B /* NSManagedObject+MagicalFinders.h */,
				D035A32D175F9D6000F5809B /* NSManagedObject+MagicalFinders.m */,
				D035A32E175F9D6000F5809B /* NSManagedObject+MagicalRecord.h */,
				D035A32F175F9D6000F5809B /* NSManagedObject+MagicalRecord.m */,
				D035A330175F9D6000F5809B /* NSManagedObject+MagicalRequests.h */,
				D035A331175F9D6000F5809B /* NSManagedObject+MagicalRequests.m */,
			);
			path = NSManagedObject;
			sourceTree = "<group>";
		};
		D035A332175F9D6000F5809B /* NSManagedObjectContext */ = {
			isa = PBXGroup;
			children = (
				D035A333175F9D6000F5809B /* NSManagedObjectContext+MagicalObserving.h */,
				D035A334175F9D6000F5809B /* NSManagedObjectContext+MagicalObserving.m */,
				D035A335175F9D6000F5809B /* NSManagedObjectContext+MagicalRecord.h */,
				D035A336175F9D6000F5809B /* NSManagedObjectContext+MagicalRecord.m */,
				D035A337175F9D6000F5809B /* NSManagedObjectContext+MagicalSaves.h */,
				D035A338175F9D6000F5809B /* NSManagedObjectContext+MagicalSaves.m */,
				D035A339175F9D6000F5809B /* NSManagedObjectContext+MagicalThreading.h */,
				D035A33A175F9D6000F5809B /* NSManagedObjectContext+MagicalThreading.m */,
			);
			path = NSManagedObjectContext;
			sourceTree = "<group>";
		};
		D035A341175F9D6000F5809B /* Core */ = {
			isa = PBXGroup;
			children = (
				D035A342175F9D6000F5809B /* MagicalRecord+Actions.h */,
				D035A343175F9D6000F5809B /* MagicalRecord+Actions.m */,
				D035A344175F9D6000F5809B /* MagicalRecord+ErrorHandling.h */,
				D035A345175F9D6000F5809B /* MagicalRecord+ErrorHandling.m */,
				D035A346175F9D6000F5809B /* MagicalRecord+iCloud.h */,
				D035A347175F9D6000F5809B /* MagicalRecord+iCloud.m */,
				D035A348175F9D6000F5809B /* MagicalRecord+Options.h */,
				D035A349175F9D6000F5809B /* MagicalRecord+Options.m */,
				D035A34A175F9D6000F5809B /* MagicalRecord+Setup.h */,
				D035A34B175F9D6000F5809B /* MagicalRecord+Setup.m */,
				D035A34C175F9D6000F5809B /* MagicalRecord+ShorthandSupport.h */,
				D035A34D175F9D6000F5809B /* MagicalRecord+ShorthandSupport.m */,
				D035A34E175F9D6000F5809B /* MagicalRecord.h */,
				D035A34F175F9D6000F5809B /* MagicalRecord.m */,
				D035A350175F9D6000F5809B /* MagicalRecordShorthand.h */,
			);
			path = Core;
			sourceTree = "<group>";
		};
		D072666C175E3E7200BA64C0 /* AFNetworking */ = {
			isa = PBXGroup;
			children = (
				D072666D175E3E7200BA64C0 /* AFHTTPClient.h */,
				D072666E175E3E7200BA64C0 /* AFHTTPClient.m */,
				D072666F175E3E7200BA64C0 /* AFHTTPRequestOperation.h */,
				D0726670175E3E7200BA64C0 /* AFHTTPRequestOperation.m */,
				D0726671175E3E7200BA64C0 /* AFImageRequestOperation.h */,
				D0726672175E3E7200BA64C0 /* AFImageRequestOperation.m */,
				D0726673175E3E7200BA64C0 /* AFJSONRequestOperation.h */,
				D0726674175E3E7200BA64C0 /* AFJSONRequestOperation.m */,
				D0726675175E3E7200BA64C0 /* AFNetworkActivityIndicatorManager.h */,
				D0726676175E3E7200BA64C0 /* AFNetworkActivityIndicatorManager.m */,
				D0726677175E3E7200BA64C0 /* AFNetworking.h */,
				D0726678175E3E7200BA64C0 /* AFPropertyListRequestOperation.h */,
				D0726679175E3E7200BA64C0 /* AFPropertyListRequestOperation.m */,
				D072667A175E3E7200BA64C0 /* AFURLConnectionOperation.h */,
				D072667B175E3E7200BA64C0 /* AFURLConnectionOperation.m */,
				D072667C175E3E7200BA64C0 /* AFXMLRequestOperation.h */,
				D072667D175E3E7200BA64C0 /* AFXMLRequestOperation.m */,
				D072667E175E3E7200BA64C0 /* UIImageView+AFNetworking.h */,
				D072667F175E3E7200BA64C0 /* UIImageView+AFNetworking.m */,
			);
			path = AFNetworking;
			sourceTree = "<group>";
		};
		D072668C175E4C2D00BA64C0 /* cell */ = {
			isa = PBXGroup;
			children = (
				D072668D175E4C4B00BA64C0 /* errdioCell.h */,
				D072668E175E4C4B00BA64C0 /* errdioCell.m */,
				D09E9DBB176217F000C1D786 /* regionalCell.h */,
				D09E9DBC176217F000C1D786 /* regionalCell.m */,
			);
			path = cell;
			sourceTree = "<group>";
		};
		D0726692175E60E400BA64C0 /* JASidePanels */ = {
			isa = PBXGroup;
			children = (
				D0726693175E60E400BA64C0 /* JASidePanelController.h */,
				D0726694175E60E400BA64C0 /* JASidePanelController.m */,
				D0726695175E60E400BA64C0 /* UIViewController+JASidePanel.h */,
				D0726696175E60E400BA64C0 /* UIViewController+JASidePanel.m */,
			);
			name = JASidePanels;
			path = Source;
			sourceTree = "<group>";
		};
		D0726699175E618E00BA64C0 /* Left */ = {
			isa = PBXGroup;
			children = (
				D035A302175F8C2300F5809B /* leftCell */,
				D072669A175E61A600BA64C0 /* erdioLeft.h */,
				D072669B175E61A600BA64C0 /* erdioLeft.m */,
			);
			path = Left;
			sourceTree = "<group>";
		};
		D07266A4175E6AFD00BA64C0 /* search */ = {
			isa = PBXGroup;
			children = (
				D07266A5175E6B0900BA64C0 /* search.h */,
				D07266A6175E6B0900BA64C0 /* search.m */,
			);
			path = search;
			sourceTree = "<group>";
		};
		D07266AA175E80B900BA64C0 /* Streamer */ = {
			isa = PBXGroup;
			children = (
				D07266AB175E80BA00BA64C0 /* AudioStreamer.h */,
				D07266AC175E80BA00BA64C0 /* AudioStreamer.m */,
			);
			path = Streamer;
			sourceTree = "<group>";
		};
		D07266BB175E8D3A00BA64C0 /* player */ = {
			isa = PBXGroup;
			children = (
				D07266BC175E8D4A00BA64C0 /* netraPlayer.h */,
				D07266BD175E8D4A00BA64C0 /* netraPlayer.m */,
			);
			path = player;
			sourceTree = "<group>";
		};
		D09E9DB51762158D00C1D786 /* Flurry */ = {
			isa = PBXGroup;
			children = (
				D09E9DB61762158D00C1D786 /* Flurry.h */,
				D09E9DB71762158D00C1D786 /* libFlurry.a */,
			);
			path = Flurry;
			sourceTree = "<group>";
		};
		D09E9DE21762DA3900C1D786 /* NetraSpinner */ = {
			isa = PBXGroup;
			children = (
				D09E9DE31762DA3900C1D786 /* TJSpinner.h */,
				D09E9DE41762DA3900C1D786 /* TJSpinner.m */,
			);
			path = NetraSpinner;
			sourceTree = "<group>";
		};
		D0C35AB8175DACF5008A7F81 = {
			isa = PBXGroup;
			children = (
				D0C35ACA175DACF5008A7F81 /* Erdioo */,
				D0C35AC3175DACF5008A7F81 /* Frameworks */,
				D0C35AC2175DACF5008A7F81 /* Products */,
			);
			sourceTree = "<group>";
		};
		D0C35AC2175DACF5008A7F81 /* Products */ = {
			isa = PBXGroup;
			children = (
				D0C35AC1175DACF5008A7F81 /* Erdioo.app */,
			);
			name = Products;
			sourceTree = "<group>";
		};
		D0C35AC3175DACF5008A7F81 /* Frameworks */ = {
			isa = PBXGroup;
			children = (
				D09E9DB91762163D00C1D786 /* SystemConfiguration.framework */,
				D035A36C175F9F1600F5809B /* CoreData.framework */,
				D07266B6175E875F00BA64C0 /* AudioToolbox.framework */,
				D07266B4175E874E00BA64C0 /* MediaPlayer.framework */,
				D07266B2175E874400BA64C0 /* CFNetwork.framework */,
				D072669D175E63BE00BA64C0 /* QuartzCore.framework */,
				D0C35AC4175DACF5008A7F81 /* UIKit.framework */,
				D0C35AC6175DACF5008A7F81 /* Foundation.framework */,
				D0C35AC8175DACF5008A7F81 /* CoreGraphics.framework */,
			);
			name = Frameworks;
			sourceTree = "<group>";
		};
		D0C35ACA175DACF5008A7F81 /* Erdioo */ = {
			isa = PBXGroup;
			children = (
				D0C35AE2175DD315008A7F81 /* image */,
				D0C35AE3175DD315008A7F81 /* library */,
				D0C35AE4175DD315008A7F81 /* model */,
				D0C35AE5175DD315008A7F81 /* view */,
				D0C35AD3175DACF5008A7F81 /* AppDelegate.h */,
				D0C35AD4175DACF5008A7F81 /* AppDelegate.m */,
				D0C35ACB175DACF5008A7F81 /* Supporting Files */,
			);
			path = Erdioo;
			sourceTree = "<group>";
		};
		D0C35ACB175DACF5008A7F81 /* Supporting Files */ = {
			isa = PBXGroup;
			children = (
				D0C35ACC175DACF5008A7F81 /* Erdioo-Info.plist */,
				D0C35ACD175DACF5008A7F81 /* InfoPlist.strings */,
				D0C35AD0175DACF5008A7F81 /* main.m */,
				D0C35AD2175DACF5008A7F81 /* Erdioo-Prefix.pch */,
				D0C35AD6175DACF5008A7F81 /* Default.png */,
				D0C35AD8175DACF5008A7F81 /* Default@2x.png */,
				D0C35ADA175DACF5008A7F81 /* Default-568h@2x.png */,
				D06BBBA8175E9B1A001D3BA3 /* Leftmenu.plist */,
			);
			name = "Supporting Files";
			sourceTree = "<group>";
		};
		D0C35AE2175DD315008A7F81 /* image */ = {
			isa = PBXGroup;
			children = (
				D09E9DC817622F8C00C1D786 /* back@2x.png */,
				D09E9DC1176227EB00C1D786 /* map@2x.png */,
				D09E9DB11761CCBE00C1D786 /* logo@2x.png */,
				D09E9DD317623EA800C1D786 /* 1@2x.png */,
				D09E9DCE17623E1400C1D786 /* 0@2x.png */,
				D09E9DDC176241F300C1D786 /* 5@2x.png */,
				D07266A8175E6D3A00BA64C0 /* cancel@2x.png */,
				D09E9DD017623E4300C1D786 /* 2@2x.png */,
				D09E9DD81762408000C1D786 /* 3@2x.png */,
				D09E9DB31761D9A000C1D786 /* selected@2x.png */,
				D035A2FE175F45A500F5809B /* placeholder@2x.png */,
				D09E9DDA176240F200C1D786 /* 4@2x.png */,
				D09E9DDE17624E1300C1D786 /* shadow_push@2x.png */,
				D09E9DDF17624E1300C1D786 /* shadow@2x.png */,
				D09E9DC317622A5B00C1D786 /* arrow@2x.png */,
				D035A300175F639100F5809B /* left@2x.png */,
				D07266A2175E6AE400BA64C0 /* navbar2-kanan@2x.png */,
				D07266A0175E691400BA64C0 /* search@2x.png */,
				D0726690175E59D400BA64C0 /* location_small@2x.png */,
				D072666A175E370400BA64C0 /* navbar@2x.png */,
			);
			path = image;
			sourceTree = "<group>";
		};
		D0C35AE3175DD315008A7F81 /* library */ = {
			isa = PBXGroup;
			children = (
				D09E9DE21762DA3900C1D786 /* NetraSpinner */,
				D09E9DB51762158D00C1D786 /* Flurry */,
				D035A316175F9D6000F5809B /* MagicalRecord */,
				D07266BB175E8D3A00BA64C0 /* player */,
				D07266AA175E80B900BA64C0 /* Streamer */,
				D0726692175E60E400BA64C0 /* JASidePanels */,
				D072666C175E3E7200BA64C0 /* AFNetworking */,
				D0C35AE6175DD38D008A7F81 /* common */,
			);
			path = library;
			sourceTree = "<group>";
		};
		D0C35AE4175DD315008A7F81 /* model */ = {
			isa = PBXGroup;
			children = (
				D09E9DAE1761BFCC00C1D786 /* erdioo.xcdatamodeld */,
			);
			path = model;
			sourceTree = "<group>";
		};
		D0C35AE5175DD315008A7F81 /* view */ = {
			isa = PBXGroup;
			children = (
				D07266A4175E6AFD00BA64C0 /* search */,
				D0726699175E618E00BA64C0 /* Left */,
				D0C35AEA175DD91E008A7F81 /* center */,
			);
			path = view;
			sourceTree = "<group>";
		};
		D0C35AE6175DD38D008A7F81 /* common */ = {
			isa = PBXGroup;
			children = (
				D0C35AE7175DD3C1008A7F81 /* atta.h */,
				D0C35AE8175DD3C1008A7F81 /* atta.m */,
				D0726689175E463F00BA64C0 /* topViewObject.h */,
				D072668A175E463F00BA64C0 /* topViewObject.m */,
				D09E9DBE176220C200C1D786 /* provinsiObject.h */,
				D09E9DBF176220C200C1D786 /* provinsiObject.m */,
			);
			path = common;
			sourceTree = "<group>";
		};
		D0C35AEA175DD91E008A7F81 /* center */ = {
			isa = PBXGroup;
			children = (
				D035A30A175F932D00F5809B /* group */,
				D035A30B175F932D00F5809B /* myradio */,
				D035A30C175F932D00F5809B /* regional */,
				D035A306175F92E600F5809B /* topRadio */,
				D072668C175E4C2D00BA64C0 /* cell */,
			);
			path = center;
			sourceTree = "<group>";
		};
/* End PBXGroup section */

/* Begin PBXNativeTarget section */
		D0C35AC0175DACF5008A7F81 /* Erdioo */ = {
			isa = PBXNativeTarget;
			buildConfigurationList = D0C35ADE175DACF5008A7F81 /* Build configuration list for PBXNativeTarget "Erdioo" */;
			buildPhases = (
				D0C35ABD175DACF5008A7F81 /* Sources */,
				D0C35ABE175DACF5008A7F81 /* Frameworks */,
				D0C35ABF175DACF5008A7F81 /* Resources */,
			);
			buildRules = (
			);
			dependencies = (
			);
			name = Erdioo;
			productName = Erdioo;
			productReference = D0C35AC1175DACF5008A7F81 /* Erdioo.app */;
			productType = "com.apple.product-type.application";
		};
/* End PBXNativeTarget section */

/* Begin PBXProject section */
		D0C35AB9175DACF5008A7F81 /* Project object */ = {
			isa = PBXProject;
			attributes = {
				LastUpgradeCheck = 0460;
				ORGANIZATIONNAME = kumel;
			};
			buildConfigurationList = D0C35ABC175DACF5008A7F81 /* Build configuration list for PBXProject "Erdioo" */;
			compatibilityVersion = "Xcode 3.2";
			developmentRegion = English;
			hasScannedForEncodings = 0;
			knownRegions = (
				en,
			);
			mainGroup = D0C35AB8175DACF5008A7F81;
			productRefGroup = D0C35AC2175DACF5008A7F81 /* Products */;
			projectDirPath = "";
			projectRoot = "";
			targets = (
				D0C35AC0175DACF5008A7F81 /* Erdioo */,
			);
		};
/* End PBXProject section */

/* Begin PBXResourcesBuildPhase section */
		D0C35ABF175DACF5008A7F81 /* Resources */ = {
			isa = PBXResourcesBuildPhase;
			buildActionMask = 2147483647;
			files = (
				D0C35ACF175DACF5008A7F81 /* InfoPlist.strings in Resources */,
				D0C35AD7175DACF5008A7F81 /* Default.png in Resources */,
				D0C35AD9175DACF5008A7F81 /* Default@2x.png in Resources */,
				D0C35ADB175DACF5008A7F81 /* Default-568h@2x.png in Resources */,
				D072666B175E370400BA64C0 /* navbar@2x.png in Resources */,
				D0726691175E59D400BA64C0 /* location_small@2x.png in Resources */,
				D07266A1175E691400BA64C0 /* search@2x.png in Resources */,
				D07266A3175E6AE400BA64C0 /* navbar2-kanan@2x.png in Resources */,
				D07266A9175E6D3A00BA64C0 /* cancel@2x.png in Resources */,
				D06BBBA9175E9B1A001D3BA3 /* Leftmenu.plist in Resources */,
				D035A2FF175F45A500F5809B /* placeholder@2x.png in Resources */,
				D035A301175F639100F5809B /* left@2x.png in Resources */,
				D09E9DB21761CCBE00C1D786 /* logo@2x.png in Resources */,
				D09E9DB41761D9A000C1D786 /* selected@2x.png in Resources */,
				D09E9DC2176227EB00C1D786 /* map@2x.png in Resources */,
				D09E9DC417622A5B00C1D786 /* arrow@2x.png in Resources */,
				D09E9DC917622F8C00C1D786 /* back@2x.png in Resources */,
				D09E9DCF17623E1400C1D786 /* 0@2x.png in Resources */,
				D09E9DD117623E4300C1D786 /* 2@2x.png in Resources */,
				D09E9DD617623EA800C1D786 /* 1@2x.png in Resources */,
				D09E9DD91762408000C1D786 /* 3@2x.png in Resources */,
				D09E9DDB176240F200C1D786 /* 4@2x.png in Resources */,
				D09E9DDD176241F300C1D786 /* 5@2x.png in Resources */,
				D09E9DE017624E1300C1D786 /* shadow_push@2x.png in Resources */,
				D09E9DE117624E1300C1D786 /* shadow@2x.png in Resources */,
			);
			runOnlyForDeploymentPostprocessing = 0;
		};
/* End PBXResourcesBuildPhase section */

/* Begin PBXSourcesBuildPhase section */
		D0C35ABD175DACF5008A7F81 /* Sources */ = {
			isa = PBXSourcesBuildPhase;
			buildActionMask = 2147483647;
			files = (
				D0C35AD1175DACF5008A7F81 /* main.m in Sources */,
				D0C35AD5175DACF5008A7F81 /* AppDelegate.m in Sources */,
				D0C35AE9175DD3C1008A7F81 /* atta.m in Sources */,
				D0726680175E3E7200BA64C0 /* AFHTTPClient.m in Sources */,
				D0726681175E3E7200BA64C0 /* AFHTTPRequestOperation.m in Sources */,
				D0726682175E3E7200BA64C0 /* AFImageRequestOperation.m in Sources */,
				D0726683175E3E7200BA64C0 /* AFJSONRequestOperation.m in Sources */,
				D0726684175E3E7200BA64C0 /* AFNetworkActivityIndicatorManager.m in Sources */,
				D0726685175E3E7200BA64C0 /* AFPropertyListRequestOperation.m in Sources */,
				D0726686175E3E7200BA64C0 /* AFURLConnectionOperation.m in Sources */,
				D0726687175E3E7200BA64C0 /* AFXMLRequestOperation.m in Sources */,
				D0726688175E3E7200BA64C0 /* UIImageView+AFNetworking.m in Sources */,
				D072668B175E463F00BA64C0 /* topViewObject.m in Sources */,
				D072668F175E4C4B00BA64C0 /* errdioCell.m in Sources */,
				D0726697175E60E400BA64C0 /* JASidePanelController.m in Sources */,
				D0726698175E60E400BA64C0 /* UIViewController+JASidePanel.m in Sources */,
				D072669C175E61A600BA64C0 /* erdioLeft.m in Sources */,
				D07266A7175E6B0900BA64C0 /* search.m in Sources */,
				D07266AD175E80BA00BA64C0 /* AudioStreamer.m in Sources */,
				D07266BE175E8D4A00BA64C0 /* netraPlayer.m in Sources */,
				D035A305175F918800F5809B /* leftCell.m in Sources */,
				D035A309175F92E600F5809B /* erdiooCenter.m in Sources */,
				D035A30F175F934D00F5809B /* erdiooGroup.m in Sources */,
				D035A312175F935C00F5809B /* erdioomy.m in Sources */,
				D035A315175F937300F5809B /* erdiooRegional.m in Sources */,
				D035A352175F9D6000F5809B /* MagicalImportFunctions.m in Sources */,
				D035A353175F9D6000F5809B /* NSAttributeDescription+MagicalDataImport.m in Sources */,
				D035A354175F9D6000F5809B /* NSEntityDescription+MagicalDataImport.m in Sources */,
				D035A355175F9D6000F5809B /* NSNumber+MagicalDataImport.m in Sources */,
				D035A356175F9D6000F5809B /* NSObject+MagicalDataImport.m in Sources */,
				D035A357175F9D6000F5809B /* NSRelationshipDescription+MagicalDataImport.m in Sources */,
				D035A358175F9D6000F5809B /* NSString+MagicalDataImport.m in Sources */,
				D035A359175F9D6000F5809B /* NSManagedObject+MagicalAggregation.m in Sources */,
				D035A35A175F9D6000F5809B /* NSManagedObject+MagicalDataImport.m in Sources */,
				D035A35B175F9D6000F5809B /* NSManagedObject+MagicalFinders.m in Sources */,
				D035A35C175F9D6000F5809B /* NSManagedObject+MagicalRecord.m in Sources */,
				D035A35D175F9D6000F5809B /* NSManagedObject+MagicalRequests.m in Sources */,
				D035A35E175F9D6000F5809B /* NSManagedObjectContext+MagicalObserving.m in Sources */,
				D035A35F175F9D6000F5809B /* NSManagedObjectContext+MagicalRecord.m in Sources */,
				D035A360175F9D6000F5809B /* NSManagedObjectContext+MagicalSaves.m in Sources */,
				D035A361175F9D6000F5809B /* NSManagedObjectContext+MagicalThreading.m in Sources */,
				D035A362175F9D6000F5809B /* NSManagedObjectModel+MagicalRecord.m in Sources */,
				D035A363175F9D6000F5809B /* NSPersistentStore+MagicalRecord.m in Sources */,
				D035A364175F9D6000F5809B /* NSPersistentStoreCoordinator+MagicalRecord.m in Sources */,
				D035A365175F9D6000F5809B /* MagicalRecord+Actions.m in Sources */,
				D035A366175F9D6000F5809B /* MagicalRecord+ErrorHandling.m in Sources */,
				D035A367175F9D6000F5809B /* MagicalRecord+iCloud.m in Sources */,
				D035A368175F9D6000F5809B /* MagicalRecord+Options.m in Sources */,
				D035A369175F9D6000F5809B /* MagicalRecord+Setup.m in Sources */,
				D035A36A175F9D6000F5809B /* MagicalRecord+ShorthandSupport.m in Sources */,
				D035A36B175F9D6000F5809B /* MagicalRecord.m in Sources */,
				D09E9DB01761BFCC00C1D786 /* erdioo.xcdatamodeld in Sources */,
				D09E9DBD176217F000C1D786 /* regionalCell.m in Sources */,
				D09E9DC0176220C200C1D786 /* provinsiObject.m in Sources */,
				D09E9DC717622DFE00C1D786 /* RadioRegional.m in Sources */,
				D09E9DE51762DA3900C1D786 /* TJSpinner.m in Sources */,
			);
			runOnlyForDeploymentPostprocessing = 0;
		};
/* End PBXSourcesBuildPhase section */

/* Begin PBXVariantGroup section */
		D0C35ACD175DACF5008A7F81 /* InfoPlist.strings */ = {
			isa = PBXVariantGroup;
			children = (
				D0C35ACE175DACF5008A7F81 /* en */,
			);
			name = InfoPlist.strings;
			sourceTree = "<group>";
		};
/* End PBXVariantGroup section */

/* Begin XCBuildConfiguration section */
		D0C35ADC175DACF5008A7F81 /* Debug */ = {
			isa = XCBuildConfiguration;
			buildSettings = {
				ALWAYS_SEARCH_USER_PATHS = NO;
				CLANG_CXX_LANGUAGE_STANDARD = "gnu++0x";
				CLANG_CXX_LIBRARY = "libc++";
				CLANG_WARN_CONSTANT_CONVERSION = YES;
				CLANG_WARN_EMPTY_BODY = YES;
				CLANG_WARN_ENUM_CONVERSION = YES;
				CLANG_WARN_INT_CONVERSION = YES;
				CLANG_WARN__DUPLICATE_METHOD_MATCH = YES;
				"CODE_SIGN_IDENTITY[sdk=iphoneos*]" = "iPhone Developer";
				COPY_PHASE_STRIP = NO;
				GCC_C_LANGUAGE_STANDARD = gnu99;
				GCC_DYNAMIC_NO_PIC = NO;
				GCC_OPTIMIZATION_LEVEL = 0;
				GCC_PREPROCESSOR_DEFINITIONS = (
					"DEBUG=1",
					"$(inherited)",
				);
				GCC_SYMBOLS_PRIVATE_EXTERN = NO;
				GCC_WARN_ABOUT_RETURN_TYPE = YES;
				GCC_WARN_UNINITIALIZED_AUTOS = YES;
				GCC_WARN_UNUSED_VARIABLE = YES;
				IPHONEOS_DEPLOYMENT_TARGET = 6.1;
				ONLY_ACTIVE_ARCH = YES;
				SDKROOT = iphoneos;
			};
			name = Debug;
		};
		D0C35ADD175DACF5008A7F81 /* Release */ = {
			isa = XCBuildConfiguration;
			buildSettings = {
				ALWAYS_SEARCH_USER_PATHS = NO;
				CLANG_CXX_LANGUAGE_STANDARD = "gnu++0x";
				CLANG_CXX_LIBRARY = "libc++";
				CLANG_WARN_CONSTANT_CONVERSION = YES;
				CLANG_WARN_EMPTY_BODY = YES;
				CLANG_WARN_ENUM_CONVERSION = YES;
				CLANG_WARN_INT_CONVERSION = YES;
				CLANG_WARN__DUPLICATE_METHOD_MATCH = YES;
				"CODE_SIGN_IDENTITY[sdk=iphoneos*]" = "iPhone Developer";
				COPY_PHASE_STRIP = YES;
				GCC_C_LANGUAGE_STANDARD = gnu99;
				GCC_WARN_ABOUT_RETURN_TYPE = YES;
				GCC_WARN_UNINITIALIZED_AUTOS = YES;
				GCC_WARN_UNUSED_VARIABLE = YES;
				IPHONEOS_DEPLOYMENT_TARGET = 6.1;
				OTHER_CFLAGS = "-DNS_BLOCK_ASSERTIONS=1";
				SDKROOT = iphoneos;
				VALIDATE_PRODUCT = YES;
			};
			name = Release;
		};
		D0C35ADF175DACF5008A7F81 /* Debug */ = {
			isa = XCBuildConfiguration;
			buildSettings = {
				GCC_PRECOMPILE_PREFIX_HEADER = YES;
				GCC_PREFIX_HEADER = "Erdioo/Erdioo-Prefix.pch";
				INFOPLIST_FILE = "Erdioo/Erdioo-Info.plist";
				IPHONEOS_DEPLOYMENT_TARGET = 5.1;
				LIBRARY_SEARCH_PATHS = (
					"$(inherited)",
					"\"$(SRCROOT)/Erdioo/library/Flurry\"",
				);
				PRODUCT_NAME = "$(TARGET_NAME)";
				WRAPPER_EXTENSION = app;
			};
			name = Debug;
		};
		D0C35AE0175DACF5008A7F81 /* Release */ = {
			isa = XCBuildConfiguration;
			buildSettings = {
				GCC_PRECOMPILE_PREFIX_HEADER = YES;
				GCC_PREFIX_HEADER = "Erdioo/Erdioo-Prefix.pch";
				INFOPLIST_FILE = "Erdioo/Erdioo-Info.plist";
				IPHONEOS_DEPLOYMENT_TARGET = 5.1;
				LIBRARY_SEARCH_PATHS = (
					"$(inherited)",
					"\"$(SRCROOT)/Erdioo/library/Flurry\"",
				);
				PRODUCT_NAME = "$(TARGET_NAME)";
				WRAPPER_EXTENSION = app;
			};
			name = Release;
		};
/* End XCBuildConfiguration section */

/* Begin XCConfigurationList section */
		D0C35ABC175DACF5008A7F81 /* Build configuration list for PBXProject "Erdioo" */ = {
			isa = XCConfigurationList;
			buildConfigurations = (
				D0C35ADC175DACF5008A7F81 /* Debug */,
				D0C35ADD175DACF5008A7F81 /* Release */,
			);
			defaultConfigurationIsVisible = 0;
			defaultConfigurationName = Release;
		};
		D0C35ADE175DACF5008A7F81 /* Build configuration list for PBXNativeTarget "Erdioo" */ = {
			isa = XCConfigurationList;
			buildConfigurations = (
				D0C35ADF175DACF5008A7F81 /* Debug */,
				D0C35AE0175DACF5008A7F81 /* Release */,
			);
			defaultConfigurationIsVisible = 0;
			defaultConfigurationName = Release;
		};
/* End XCConfigurationList section */

/* Begin XCVersionGroup section */
		D09E9DAE1761BFCC00C1D786 /* erdioo.xcdatamodeld */ = {
			isa = XCVersionGroup;
			children = (
				D09E9DAF1761BFCC00C1D786 /* erdioo.xcdatamodel */,
			);
			currentVersion = D09E9DAF1761BFCC00C1D786 /* erdioo.xcdatamodel */;
			path = erdioo.xcdatamodeld;
			sourceTree = "<group>";
			versionGroupType = wrapper.xcdatamodel;
		};
/* End XCVersionGroup section */
	};
	rootObject = D0C35AB9175DACF5008A7F81 /* Project object */;
}
